// !$*UTF8*$!
{
	archiveVersion = 1;
	classes = {
	};
	objectVersion = 46;
	objects = {

/* Begin PBXBuildFile section */
		0007497515630CE90096B69F /* YKUIScrollView.h in Headers */ = {isa = PBXBuildFile; fileRef = 0007497315630CE90096B69F /* YKUIScrollView.h */; settings = {ATTRIBUTES = (Public, ); }; };
		0007497615630CE90096B69F /* YKUIScrollView.m in Sources */ = {isa = PBXBuildFile; fileRef = 0007497415630CE90096B69F /* YKUIScrollView.m */; };
		0013505515003C1900B0976D /* YKUISwitch.h in Headers */ = {isa = PBXBuildFile; fileRef = 0013505315003C1900B0976D /* YKUISwitch.h */; settings = {ATTRIBUTES = (Public, ); }; };
		00149F2D1521040800321DF4 /* YKUISwipeView.h in Headers */ = {isa = PBXBuildFile; fileRef = 00149F2B1521040800321DF4 /* YKUISwipeView.h */; settings = {ATTRIBUTES = (Public, ); }; };
		00149F2E1521040800321DF4 /* YKUISwipeView.m in Sources */ = {isa = PBXBuildFile; fileRef = 00149F2C1521040800321DF4 /* YKUISwipeView.m */; };
		001E5219161A27AB00D5C211 /* libGHKit.a in Frameworks */ = {isa = PBXBuildFile; fileRef = 006371F5156D8E9400DEC4B5 /* libGHKit.a */; };
		001E523F161A29AA00D5C211 /* YelpKit-Prefix.pch in Headers */ = {isa = PBXBuildFile; fileRef = 001E523E161A29AA00D5C211 /* YelpKit-Prefix.pch */; };
		002629AF151BABB800F840DB /* YKUIButtons.h in Headers */ = {isa = PBXBuildFile; fileRef = 002629AD151BABB800F840DB /* YKUIButtons.h */; settings = {ATTRIBUTES = (Public, ); }; };
		002629B0151BABB800F840DB /* YKUIButtons.m in Sources */ = {isa = PBXBuildFile; fileRef = 002629AE151BABB800F840DB /* YKUIButtons.m */; };
		0041271215366FAB0090F268 /* YKLayout.h in Headers */ = {isa = PBXBuildFile; fileRef = 0041270E15366FAB0090F268 /* YKLayout.h */; settings = {ATTRIBUTES = (Public, ); }; };
		0041271315366FAB0090F268 /* YKLayout.m in Sources */ = {isa = PBXBuildFile; fileRef = 0041270F15366FAB0090F268 /* YKLayout.m */; };
		0041271415366FAB0090F268 /* YKUILayoutView.h in Headers */ = {isa = PBXBuildFile; fileRef = 0041271015366FAB0090F268 /* YKUILayoutView.h */; settings = {ATTRIBUTES = (Public, ); }; };
		0041271515366FAB0090F268 /* YKUILayoutView.m in Sources */ = {isa = PBXBuildFile; fileRef = 0041271115366FAB0090F268 /* YKUILayoutView.m */; };
		0041271C15366FF30090F268 /* YKLText.h in Headers */ = {isa = PBXBuildFile; fileRef = 0041271A15366FF30090F268 /* YKLText.h */; settings = {ATTRIBUTES = (Public, ); }; };
		0041271D15366FF30090F268 /* YKLText.m in Sources */ = {isa = PBXBuildFile; fileRef = 0041271B15366FF30090F268 /* YKLText.m */; };
		004127201536716D0090F268 /* YKLBaseView.h in Headers */ = {isa = PBXBuildFile; fileRef = 0041271E1536716D0090F268 /* YKLBaseView.h */; settings = {ATTRIBUTES = (Public, ); }; };
		004127211536716D0090F268 /* YKLBaseView.m in Sources */ = {isa = PBXBuildFile; fileRef = 0041271F1536716D0090F268 /* YKLBaseView.m */; };
		00412724153673410090F268 /* YKLImage.h in Headers */ = {isa = PBXBuildFile; fileRef = 00412722153673400090F268 /* YKLImage.h */; settings = {ATTRIBUTES = (Public, ); }; };
		00412725153673410090F268 /* YKLImage.m in Sources */ = {isa = PBXBuildFile; fileRef = 00412723153673400090F268 /* YKLImage.m */; };
		004628501593969C00C8E3C1 /* YKImageLoaderQueue.h in Headers */ = {isa = PBXBuildFile; fileRef = 0046284E1593969C00C8E3C1 /* YKImageLoaderQueue.h */; };
		004628511593969C00C8E3C1 /* YKImageLoaderQueue.m in Sources */ = {isa = PBXBuildFile; fileRef = 0046284F1593969C00C8E3C1 /* YKImageLoaderQueue.m */; };
		005592EC140B0085001E9C43 /* Foundation.framework in Frameworks */ = {isa = PBXBuildFile; fileRef = 005592EB140B0085001E9C43 /* Foundation.framework */; };
		00559329140B00F6001E9C43 /* YKImageLoader.h in Headers */ = {isa = PBXBuildFile; fileRef = 00559300140B00F6001E9C43 /* YKImageLoader.h */; settings = {ATTRIBUTES = (Public, ); }; };
		0055932A140B00F6001E9C43 /* YKImageLoader.m in Sources */ = {isa = PBXBuildFile; fileRef = 00559301140B00F6001E9C43 /* YKImageLoader.m */; };
		0055932D140B00F6001E9C43 /* YKCompressor.h in Headers */ = {isa = PBXBuildFile; fileRef = 00559306140B00F6001E9C43 /* YKCompressor.h */; settings = {ATTRIBUTES = (Public, ); }; };
		0055932E140B00F6001E9C43 /* YKResource.h in Headers */ = {isa = PBXBuildFile; fileRef = 00559307140B00F6001E9C43 /* YKResource.h */; settings = {ATTRIBUTES = (Public, ); }; };
		0055932F140B00F6001E9C43 /* YKResource.m in Sources */ = {isa = PBXBuildFile; fileRef = 00559308140B00F6001E9C43 /* YKResource.m */; };
		00559330140B00F6001E9C43 /* YKURL.h in Headers */ = {isa = PBXBuildFile; fileRef = 00559309140B00F6001E9C43 /* YKURL.h */; settings = {ATTRIBUTES = (Public, ); }; };
		00559331140B00F6001E9C43 /* YKURL.m in Sources */ = {isa = PBXBuildFile; fileRef = 0055930A140B00F6001E9C43 /* YKURL.m */; };
		00559332140B00F6001E9C43 /* YKURLCache.h in Headers */ = {isa = PBXBuildFile; fileRef = 0055930B140B00F6001E9C43 /* YKURLCache.h */; settings = {ATTRIBUTES = (Public, ); }; };
		00559333140B00F6001E9C43 /* YKURLCache.m in Sources */ = {isa = PBXBuildFile; fileRef = 0055930C140B00F6001E9C43 /* YKURLCache.m */; };
		00559334140B00F6001E9C43 /* YKURLRequest.h in Headers */ = {isa = PBXBuildFile; fileRef = 0055930D140B00F6001E9C43 /* YKURLRequest.h */; settings = {ATTRIBUTES = (Public, ); }; };
		00559335140B00F6001E9C43 /* YKURLRequest.m in Sources */ = {isa = PBXBuildFile; fileRef = 0055930E140B00F6001E9C43 /* YKURLRequest.m */; };
		00559338140B00F6001E9C43 /* YKUIRefreshTableView.h in Headers */ = {isa = PBXBuildFile; fileRef = 00559313140B00F6001E9C43 /* YKUIRefreshTableView.h */; settings = {ATTRIBUTES = (Public, ); }; };
		00559339140B00F6001E9C43 /* YKUIRefreshTableView.m in Sources */ = {isa = PBXBuildFile; fileRef = 00559314140B00F6001E9C43 /* YKUIRefreshTableView.m */; };
		0055933A140B00F6001E9C43 /* YKUIImageView.h in Headers */ = {isa = PBXBuildFile; fileRef = 00559316140B00F6001E9C43 /* YKUIImageView.h */; settings = {ATTRIBUTES = (Public, ); }; };
		0055933B140B00F6001E9C43 /* YKUIImageView.m in Sources */ = {isa = PBXBuildFile; fileRef = 00559317140B00F6001E9C43 /* YKUIImageView.m */; };
		00559346140B00F6001E9C43 /* YKDefines.h in Headers */ = {isa = PBXBuildFile; fileRef = 00559324140B00F6001E9C43 /* YKDefines.h */; settings = {ATTRIBUTES = (Public, ); }; };
		00559347140B00F6001E9C43 /* YKError.h in Headers */ = {isa = PBXBuildFile; fileRef = 00559325140B00F6001E9C43 /* YKError.h */; settings = {ATTRIBUTES = (Public, ); }; };
		00559348140B00F6001E9C43 /* YKError.m in Sources */ = {isa = PBXBuildFile; fileRef = 00559326140B00F6001E9C43 /* YKError.m */; };
		00559349140B00F6001E9C43 /* YKLocalized.h in Headers */ = {isa = PBXBuildFile; fileRef = 00559327140B00F6001E9C43 /* YKLocalized.h */; settings = {ATTRIBUTES = (Public, ); }; };
		0055934A140B00F6001E9C43 /* YKLocalized.m in Sources */ = {isa = PBXBuildFile; fileRef = 00559328140B00F6001E9C43 /* YKLocalized.m */; };
		00576532158C3A28008A1AF2 /* YKUIActivityCell.h in Headers */ = {isa = PBXBuildFile; fileRef = 00576530158C3A27008A1AF2 /* YKUIActivityCell.h */; settings = {ATTRIBUTES = (Public, ); }; };
		00576533158C3A28008A1AF2 /* YKUIActivityCell.m in Sources */ = {isa = PBXBuildFile; fileRef = 00576531158C3A28008A1AF2 /* YKUIActivityCell.m */; };
		005F5C78155B206E001D8517 /* YKUtils.h in Headers */ = {isa = PBXBuildFile; fileRef = 005F5C76155B206E001D8517 /* YKUtils.h */; settings = {ATTRIBUTES = (Public, ); }; };
		005F5C79155B206E001D8517 /* YKUtils.m in Sources */ = {isa = PBXBuildFile; fileRef = 005F5C77155B206E001D8517 /* YKUtils.m */; };
		006E7DAD151FF2DE005FD9D3 /* YKUIBorder.h in Headers */ = {isa = PBXBuildFile; fileRef = 006E7DAB151FF2DE005FD9D3 /* YKUIBorder.h */; settings = {ATTRIBUTES = (Public, ); }; };
		006E7DAE151FF2DE005FD9D3 /* YKUIBorder.m in Sources */ = {isa = PBXBuildFile; fileRef = 006E7DAC151FF2DE005FD9D3 /* YKUIBorder.m */; };
		0072E459151E74D2006EAC84 /* YKUIListView.h in Headers */ = {isa = PBXBuildFile; fileRef = 0072E457151E74D2006EAC84 /* YKUIListView.h */; settings = {ATTRIBUTES = (Public, ); }; };
		0072E45A151E74D2006EAC84 /* YKUIListView.m in Sources */ = {isa = PBXBuildFile; fileRef = 0072E458151E74D2006EAC84 /* YKUIListView.m */; };
		0085A686159AB5620032E7BB /* YKUISwitchButton.h in Headers */ = {isa = PBXBuildFile; fileRef = 0085A684159AB5620032E7BB /* YKUISwitchButton.h */; settings = {ATTRIBUTES = (Public, ); }; };
		0085A687159AB5620032E7BB /* YKUISwitchButton.m in Sources */ = {isa = PBXBuildFile; fileRef = 0085A685159AB5620032E7BB /* YKUISwitchButton.m */; };
		00924A5F15785342000546DA /* YKTableIndexedView.h in Headers */ = {isa = PBXBuildFile; fileRef = 00924A5315785341000546DA /* YKTableIndexedView.h */; settings = {ATTRIBUTES = (Public, ); }; };
		00924A6015785342000546DA /* YKTableIndexedView.m in Sources */ = {isa = PBXBuildFile; fileRef = 00924A5415785341000546DA /* YKTableIndexedView.m */; };
		00924A6115785342000546DA /* YKTableView.h in Headers */ = {isa = PBXBuildFile; fileRef = 00924A5515785341000546DA /* YKTableView.h */; settings = {ATTRIBUTES = (Public, ); }; };
		00924A6215785342000546DA /* YKTableView.m in Sources */ = {isa = PBXBuildFile; fileRef = 00924A5615785341000546DA /* YKTableView.m */; };
		00924A6315785342000546DA /* YKTableViewCell.h in Headers */ = {isa = PBXBuildFile; fileRef = 00924A5715785341000546DA /* YKTableViewCell.h */; settings = {ATTRIBUTES = (Public, ); }; };
		00924A6415785342000546DA /* YKTableViewCell.m in Sources */ = {isa = PBXBuildFile; fileRef = 00924A5815785341000546DA /* YKTableViewCell.m */; };
		00924A6515785342000546DA /* YKTableViewCellDataSource.h in Headers */ = {isa = PBXBuildFile; fileRef = 00924A5915785341000546DA /* YKTableViewCellDataSource.h */; settings = {ATTRIBUTES = (Public, ); }; };
		00924A6615785342000546DA /* YKTableViewDataSource.h in Headers */ = {isa = PBXBuildFile; fileRef = 00924A5A15785341000546DA /* YKTableViewDataSource.h */; settings = {ATTRIBUTES = (Public, ); }; };
		00924A6715785342000546DA /* YKTableViewDatasource.m in Sources */ = {isa = PBXBuildFile; fileRef = 00924A5B15785341000546DA /* YKTableViewDatasource.m */; };
		00924A6815785342000546DA /* YelpKit.h in Headers */ = {isa = PBXBuildFile; fileRef = 00924A5C15785341000546DA /* YelpKit.h */; settings = {ATTRIBUTES = (Public, ); }; };
		00924A6B15785374000546DA /* YKUIActivityLabel.h in Headers */ = {isa = PBXBuildFile; fileRef = 00924A6915785374000546DA /* YKUIActivityLabel.h */; settings = {ATTRIBUTES = (Public, ); }; };
		00924A6C15785374000546DA /* YKUIActivityLabel.m in Sources */ = {isa = PBXBuildFile; fileRef = 00924A6A15785374000546DA /* YKUIActivityLabel.m */; };
		00924A7E157853ED000546DA /* YKUIRefreshHeaderView.h in Headers */ = {isa = PBXBuildFile; fileRef = 00924A7A157853ED000546DA /* YKUIRefreshHeaderView.h */; settings = {ATTRIBUTES = (Public, ); }; };
		00924A7F157853ED000546DA /* YKUIRefreshHeaderView.m in Sources */ = {isa = PBXBuildFile; fileRef = 00924A7B157853ED000546DA /* YKUIRefreshHeaderView.m */; };
		00924A80157853ED000546DA /* YKUIRefreshScrollView.h in Headers */ = {isa = PBXBuildFile; fileRef = 00924A7C157853ED000546DA /* YKUIRefreshScrollView.h */; settings = {ATTRIBUTES = (Public, ); }; };
		00924A81157853ED000546DA /* YKUIRefreshScrollView.m in Sources */ = {isa = PBXBuildFile; fileRef = 00924A7D157853ED000546DA /* YKUIRefreshScrollView.m */; };
		00924AAD15785715000546DA /* YKJSONRequest.h in Headers */ = {isa = PBXBuildFile; fileRef = 00924AAB15785715000546DA /* YKJSONRequest.h */; settings = {ATTRIBUTES = (Public, ); }; };
		00924AAE15785715000546DA /* YKJSONRequest.m in Sources */ = {isa = PBXBuildFile; fileRef = 00924AAC15785715000546DA /* YKJSONRequest.m */; };
		00924AB21578574A000546DA /* YKUIAlertView.h in Headers */ = {isa = PBXBuildFile; fileRef = 00924AB01578574A000546DA /* YKUIAlertView.h */; settings = {ATTRIBUTES = (Public, ); }; };
		00924AB31578574A000546DA /* YKUIAlertView.m in Sources */ = {isa = PBXBuildFile; fileRef = 00924AB11578574A000546DA /* YKUIAlertView.m */; };
		009E44A51551FF5400CACDEE /* YKLUIView.h in Headers */ = {isa = PBXBuildFile; fileRef = 009E44A31551FF5400CACDEE /* YKLUIView.h */; settings = {ATTRIBUTES = (Public, ); }; };
		009E44A61551FF5400CACDEE /* YKLUIView.m in Sources */ = {isa = PBXBuildFile; fileRef = 009E44A41551FF5400CACDEE /* YKLUIView.m */; };
		00A4D93015CB24CC0035E64B /* YKCatalogButtons.m in Sources */ = {isa = PBXBuildFile; fileRef = 00A4D92F15CB24CC0035E64B /* YKCatalogButtons.m */; };
		00A4D93815CB27BE0035E64B /* button_accessory_image.png in Resources */ = {isa = PBXBuildFile; fileRef = 00A4D93215CB27BE0035E64B /* button_accessory_image.png */; };
		00A4D93915CB27BE0035E64B /* button_accessory_image@2x.png in Resources */ = {isa = PBXBuildFile; fileRef = 00A4D93315CB27BE0035E64B /* button_accessory_image@2x.png */; };
		00A4D93A15CB27BE0035E64B /* button_accessory_image_selected.png in Resources */ = {isa = PBXBuildFile; fileRef = 00A4D93415CB27BE0035E64B /* button_accessory_image_selected.png */; };
		00A4D93B15CB27BE0035E64B /* button_accessory_image_selected@2x.png in Resources */ = {isa = PBXBuildFile; fileRef = 00A4D93515CB27BE0035E64B /* button_accessory_image_selected@2x.png */; };
		00A4D93C15CB27BE0035E64B /* button_icon.png in Resources */ = {isa = PBXBuildFile; fileRef = 00A4D93615CB27BE0035E64B /* button_icon.png */; };
		00A4D93D15CB27BE0035E64B /* button_icon@2x.png in Resources */ = {isa = PBXBuildFile; fileRef = 00A4D93715CB27BE0035E64B /* button_icon@2x.png */; };
		00B1B13A15CB11F60021140B /* YKCatalogViewStack.m in Sources */ = {isa = PBXBuildFile; fileRef = 00B1B13915CB11F60021140B /* YKCatalogViewStack.m */; };
		00B1B13D15CB13430021140B /* YKCatalogTestView.m in Sources */ = {isa = PBXBuildFile; fileRef = 00B1B13C15CB13430021140B /* YKCatalogTestView.m */; };
		00BE005D14A148A8006B733B /* YKCLSortDescriptor.h in Headers */ = {isa = PBXBuildFile; fileRef = 00BE005514A148A8006B733B /* YKCLSortDescriptor.h */; settings = {ATTRIBUTES = (Public, ); }; };
		00BE005E14A148A8006B733B /* YKCLSortDescriptor.m in Sources */ = {isa = PBXBuildFile; fileRef = 00BE005614A148A8006B733B /* YKCLSortDescriptor.m */; };
		00BE005F14A148A8006B733B /* YKCLUtils.h in Headers */ = {isa = PBXBuildFile; fileRef = 00BE005714A148A8006B733B /* YKCLUtils.h */; settings = {ATTRIBUTES = (Public, ); }; };
		00BE006014A148A8006B733B /* YKCLUtils.m in Sources */ = {isa = PBXBuildFile; fileRef = 00BE005814A148A8006B733B /* YKCLUtils.m */; };
		00BE006114A148A8006B733B /* YKMKAnnotation.h in Headers */ = {isa = PBXBuildFile; fileRef = 00BE005914A148A8006B733B /* YKMKAnnotation.h */; settings = {ATTRIBUTES = (Public, ); }; };
		00BE006214A148A8006B733B /* YKMKAnnotation.m in Sources */ = {isa = PBXBuildFile; fileRef = 00BE005A14A148A8006B733B /* YKMKAnnotation.m */; };
		00BE006314A148A8006B733B /* YKMKUtils.h in Headers */ = {isa = PBXBuildFile; fileRef = 00BE005B14A148A8006B733B /* YKMKUtils.h */; settings = {ATTRIBUTES = (Public, ); }; };
		00BE006414A148A8006B733B /* YKMKUtils.m in Sources */ = {isa = PBXBuildFile; fileRef = 00BE005C14A148A8006B733B /* YKMKUtils.m */; };
		00C9CC5C15A6C4360045CBE7 /* YKSUIInternalView.h in Headers */ = {isa = PBXBuildFile; fileRef = 00C9CC5615A6C4360045CBE7 /* YKSUIInternalView.h */; };
		00C9CC5D15A6C4360045CBE7 /* YKSUIInternalView.m in Sources */ = {isa = PBXBuildFile; fileRef = 00C9CC5715A6C4360045CBE7 /* YKSUIInternalView.m */; };
		00C9CC5E15A6C4360045CBE7 /* YKUIViewStack.h in Headers */ = {isa = PBXBuildFile; fileRef = 00C9CC5815A6C4360045CBE7 /* YKUIViewStack.h */; settings = {ATTRIBUTES = (Public, ); }; };
		00C9CC5F15A6C4360045CBE7 /* YKUIViewStack.m in Sources */ = {isa = PBXBuildFile; fileRef = 00C9CC5915A6C4360045CBE7 /* YKUIViewStack.m */; };
		00C9CC6015A6C4360045CBE7 /* YKSUIView.h in Headers */ = {isa = PBXBuildFile; fileRef = 00C9CC5A15A6C4360045CBE7 /* YKSUIView.h */; settings = {ATTRIBUTES = (Public, ); }; };
		00C9CC6115A6C4360045CBE7 /* YKSUIView.m in Sources */ = {isa = PBXBuildFile; fileRef = 00C9CC5B15A6C4360045CBE7 /* YKSUIView.m */; };
		00D575681457C35C00DE6487 /* YKCGUtils.h in Headers */ = {isa = PBXBuildFile; fileRef = 00D575661457C35C00DE6487 /* YKCGUtils.h */; settings = {ATTRIBUTES = (Public, ); }; };
		00D575691457C35C00DE6487 /* YKCGUtils.m in Sources */ = {isa = PBXBuildFile; fileRef = 00D575671457C35C00DE6487 /* YKCGUtils.m */; };
		00D5756C1457C38900DE6487 /* YKUIButton.h in Headers */ = {isa = PBXBuildFile; fileRef = 00D5756A1457C38900DE6487 /* YKUIButton.h */; settings = {ATTRIBUTES = (Public, ); }; };
		00D5756D1457C38900DE6487 /* YKUIButton.m in Sources */ = {isa = PBXBuildFile; fileRef = 00D5756B1457C38900DE6487 /* YKUIButton.m */; };
		00D575701457C3CF00DE6487 /* YKUIControl.h in Headers */ = {isa = PBXBuildFile; fileRef = 00D5756E1457C3CF00DE6487 /* YKUIControl.h */; settings = {ATTRIBUTES = (Public, ); }; };
		00D575711457C3CF00DE6487 /* YKUIControl.m in Sources */ = {isa = PBXBuildFile; fileRef = 00D5756F1457C3CF00DE6487 /* YKUIControl.m */; };
		00D575741457C47A00DE6487 /* YKUIButtonStyles.h in Headers */ = {isa = PBXBuildFile; fileRef = 00D575721457C47900DE6487 /* YKUIButtonStyles.h */; settings = {ATTRIBUTES = (Public, ); }; };
		00D575751457C47A00DE6487 /* YKUIButtonStyles.m in Sources */ = {isa = PBXBuildFile; fileRef = 00D575731457C47900DE6487 /* YKUIButtonStyles.m */; };
		00D5757B1457C65200DE6487 /* QuartzCore.framework in Frameworks */ = {isa = PBXBuildFile; fileRef = 00D5757A1457C65200DE6487 /* QuartzCore.framework */; };
		00D5FD231527E89000F72FEB /* YKUINavigationBar.h in Headers */ = {isa = PBXBuildFile; fileRef = 00D5FD211527E89000F72FEB /* YKUINavigationBar.h */; settings = {ATTRIBUTES = (Public, ); }; };
		00D5FD241527E89000F72FEB /* YKUINavigationBar.m in Sources */ = {isa = PBXBuildFile; fileRef = 00D5FD221527E89000F72FEB /* YKUINavigationBar.m */; };
		00DB563C15BE198600E247FA /* UIKit.framework in Frameworks */ = {isa = PBXBuildFile; fileRef = 00DB563B15BE198600E247FA /* UIKit.framework */; };
		00DB563D15BE198600E247FA /* Foundation.framework in Frameworks */ = {isa = PBXBuildFile; fileRef = 005592EB140B0085001E9C43 /* Foundation.framework */; };
		00DB563E15BE198600E247FA /* CoreGraphics.framework in Frameworks */ = {isa = PBXBuildFile; fileRef = 00D575761457C62A00DE6487 /* CoreGraphics.framework */; };
		00DB564415BE198600E247FA /* InfoPlist.strings in Resources */ = {isa = PBXBuildFile; fileRef = 00DB564215BE198600E247FA /* InfoPlist.strings */; };
		00DB564615BE198600E247FA /* main.m in Sources */ = {isa = PBXBuildFile; fileRef = 00DB564515BE198600E247FA /* main.m */; };
		00DB564A15BE198600E247FA /* YKCatalogAppDelegate.m in Sources */ = {isa = PBXBuildFile; fileRef = 00DB564915BE198600E247FA /* YKCatalogAppDelegate.m */; };
		00DB568A15BE1D1500E247FA /* YKUIButtonCell.h in Headers */ = {isa = PBXBuildFile; fileRef = 00DB568815BE1D1500E247FA /* YKUIButtonCell.h */; settings = {ATTRIBUTES = (Public, ); }; };
		00DB568B15BE1D1500E247FA /* YKUIButtonCell.m in Sources */ = {isa = PBXBuildFile; fileRef = 00DB568915BE1D1500E247FA /* YKUIButtonCell.m */; };
		00DB568E15BE214000E247FA /* libYelpKit.a in Frameworks */ = {isa = PBXBuildFile; fileRef = 005592E8140B0085001E9C43 /* libYelpKit.a */; };
		00DB568F15BE215E00E247FA /* QuartzCore.framework in Frameworks */ = {isa = PBXBuildFile; fileRef = 00D5757A1457C65200DE6487 /* QuartzCore.framework */; };
		00DB569115BE54CC00E247FA /* MapKit.framework in Frameworks */ = {isa = PBXBuildFile; fileRef = 00DB569015BE54CB00E247FA /* MapKit.framework */; };
		00E928AE1524D93600E90AF1 /* YKUIImageControl.h in Headers */ = {isa = PBXBuildFile; fileRef = 00E928AC1524D93600E90AF1 /* YKUIImageControl.h */; settings = {ATTRIBUTES = (Public, ); }; };
		00E928AF1524D93600E90AF1 /* YKUIImageControl.m in Sources */ = {isa = PBXBuildFile; fileRef = 00E928AD1524D93600E90AF1 /* YKUIImageControl.m */; };
		00E928B31524DED800E90AF1 /* YKUIImageActivityView.h in Headers */ = {isa = PBXBuildFile; fileRef = 00E928B11524DED800E90AF1 /* YKUIImageActivityView.h */; settings = {ATTRIBUTES = (Public, ); }; };
		00E928B41524DED800E90AF1 /* YKUIImageActivityView.m in Sources */ = {isa = PBXBuildFile; fileRef = 00E928B21524DED800E90AF1 /* YKUIImageActivityView.m */; };
		00E928B71524DEEC00E90AF1 /* YKUIActivityView.h in Headers */ = {isa = PBXBuildFile; fileRef = 00E928B51524DEEC00E90AF1 /* YKUIActivityView.h */; settings = {ATTRIBUTES = (Public, ); }; };
		00E928B81524DEEC00E90AF1 /* YKUIActivityView.m in Sources */ = {isa = PBXBuildFile; fileRef = 00E928B61524DEEC00E90AF1 /* YKUIActivityView.m */; };
		00F882E61527C92A000FF1AB /* YKUIActionSheet.h in Headers */ = {isa = PBXBuildFile; fileRef = 00F882E41527C92A000FF1AB /* YKUIActionSheet.h */; settings = {ATTRIBUTES = (Public, ); }; };
		00F882E71527C92A000FF1AB /* YKUIActionSheet.m in Sources */ = {isa = PBXBuildFile; fileRef = 00F882E51527C92A000FF1AB /* YKUIActionSheet.m */; };
		420E62B7153F44FF00F114DC /* NSDictionary+YKValidation.h in Headers */ = {isa = PBXBuildFile; fileRef = 420E62B5153F44FF00F114DC /* NSDictionary+YKValidation.h */; settings = {ATTRIBUTES = (Public, ); }; };
		420E62B8153F44FF00F114DC /* NSDictionary+YKValidation.m in Sources */ = {isa = PBXBuildFile; fileRef = 420E62B6153F44FF00F114DC /* NSDictionary+YKValidation.m */; };
		4227623E150FFDC1002E177D /* UIColor+YKUtils.h in Headers */ = {isa = PBXBuildFile; fileRef = 4227623C150FFDC1002E177D /* UIColor+YKUtils.h */; settings = {ATTRIBUTES = (Public, ); }; };
		4227623F150FFDC1002E177D /* UIColor+YKUtils.m in Sources */ = {isa = PBXBuildFile; fileRef = 4227623D150FFDC1002E177D /* UIColor+YKUtils.m */; };
		423C14B715C9EB3F0080E08D /* UILabel+YKUtils.h in Headers */ = {isa = PBXBuildFile; fileRef = 423C14B515C9EB3F0080E08D /* UILabel+YKUtils.h */; settings = {ATTRIBUTES = (Public, ); }; };
		423C14B815C9EB3F0080E08D /* UILabel+YKUtils.m in Sources */ = {isa = PBXBuildFile; fileRef = 423C14B615C9EB3F0080E08D /* UILabel+YKUtils.m */; };
		423C14B915C9EB3F0080E08D /* UILabel+YKUtils.m in Sources */ = {isa = PBXBuildFile; fileRef = 423C14B615C9EB3F0080E08D /* UILabel+YKUtils.m */; };
		428B755F155B4A1B0010864A /* UIImage+YKUtils.h in Headers */ = {isa = PBXBuildFile; fileRef = 428B755D155B4A1B0010864A /* UIImage+YKUtils.h */; settings = {ATTRIBUTES = (Public, ); }; };
		428B7560155B4A1B0010864A /* UIImage+YKUtils.m in Sources */ = {isa = PBXBuildFile; fileRef = 428B755E155B4A1B0010864A /* UIImage+YKUtils.m */; };
		42DF281F1540F53300EA955F /* NSArray+YKValidation.h in Headers */ = {isa = PBXBuildFile; fileRef = 42DF281D1540F53300EA955F /* NSArray+YKValidation.h */; settings = {ATTRIBUTES = (Public, ); }; };
		42DF28201540F53300EA955F /* NSArray+YKValidation.m in Sources */ = {isa = PBXBuildFile; fileRef = 42DF281E1540F53300EA955F /* NSArray+YKValidation.m */; };
		42DF28231540F6B200EA955F /* YKValidationException.h in Headers */ = {isa = PBXBuildFile; fileRef = 42DF28211540F6B200EA955F /* YKValidationException.h */; settings = {ATTRIBUTES = (Public, ); }; };
		42DF28241540F6B200EA955F /* YKValidationException.m in Sources */ = {isa = PBXBuildFile; fileRef = 42DF28221540F6B200EA955F /* YKValidationException.m */; };
		6E6DC674156450F400D95455 /* YKImageMemoryCache.h in Headers */ = {isa = PBXBuildFile; fileRef = 6E6DC672156450F400D95455 /* YKImageMemoryCache.h */; settings = {ATTRIBUTES = (Public, ); }; };
		6E6DC675156450F400D95455 /* YKImageMemoryCache.m in Sources */ = {isa = PBXBuildFile; fileRef = 6E6DC673156450F400D95455 /* YKImageMemoryCache.m */; };
		9665AD07165C71BD008181A4 /* Default-568h@2x.png in Resources */ = {isa = PBXBuildFile; fileRef = 9665AD06165C71BD008181A4 /* Default-568h@2x.png */; };
/* End PBXBuildFile section */

/* Begin PBXContainerItemProxy section */
		006371F4156D8E9400DEC4B5 /* PBXContainerItemProxy */ = {
			isa = PBXContainerItemProxy;
			containerPortal = 006371E8156D8E9400DEC4B5 /* GHKit.xcodeproj */;
			proxyType = 2;
			remoteGlobalIDString = 00D022D4154DF1EB003BAAC3;
			remoteInfo = GHKit;
		};
		006371F6156D8E9400DEC4B5 /* PBXContainerItemProxy */ = {
			isa = PBXContainerItemProxy;
			containerPortal = 006371E8156D8E9400DEC4B5 /* GHKit.xcodeproj */;
			proxyType = 2;
			remoteGlobalIDString = 00D022E8154DF226003BAAC3;
			remoteInfo = GHKitFramework;
		};
		006371F8156D8E9400DEC4B5 /* PBXContainerItemProxy */ = {
			isa = PBXContainerItemProxy;
			containerPortal = 006371E8156D8E9400DEC4B5 /* GHKit.xcodeproj */;
			proxyType = 2;
			remoteGlobalIDString = 00D02394154DF67D003BAAC3;
			remoteInfo = Tests;
		};
		006371FA156D8E9400DEC4B5 /* PBXContainerItemProxy */ = {
			isa = PBXContainerItemProxy;
			containerPortal = 006371E8156D8E9400DEC4B5 /* GHKit.xcodeproj */;
			proxyType = 2;
			remoteGlobalIDString = 00D02415154DFB0C003BAAC3;
			remoteInfo = TestsFramework;
		};
		006371FC156D8ECC00DEC4B5 /* PBXContainerItemProxy */ = {
			isa = PBXContainerItemProxy;
			containerPortal = 006371E8156D8E9400DEC4B5 /* GHKit.xcodeproj */;
			proxyType = 1;
			remoteGlobalIDString = 00D022D3154DF1EB003BAAC3;
			remoteInfo = GHKit;
		};
		00DB568C15BE213B00E247FA /* PBXContainerItemProxy */ = {
			isa = PBXContainerItemProxy;
			containerPortal = 005592DF140B0085001E9C43 /* Project object */;
			proxyType = 1;
			remoteGlobalIDString = 005592E7140B0085001E9C43;
			remoteInfo = YelpKit;
		};
/* End PBXContainerItemProxy section */

/* Begin PBXFileReference section */
		0007497315630CE90096B69F /* YKUIScrollView.h */ = {isa = PBXFileReference; fileEncoding = 4; lastKnownFileType = sourcecode.c.h; path = YKUIScrollView.h; sourceTree = "<group>"; };
		0007497415630CE90096B69F /* YKUIScrollView.m */ = {isa = PBXFileReference; fileEncoding = 4; lastKnownFileType = sourcecode.c.objc; path = YKUIScrollView.m; sourceTree = "<group>"; };
		0013505315003C1900B0976D /* YKUISwitch.h */ = {isa = PBXFileReference; fileEncoding = 4; lastKnownFileType = sourcecode.c.h; path = YKUISwitch.h; sourceTree = "<group>"; };
		00149F2B1521040800321DF4 /* YKUISwipeView.h */ = {isa = PBXFileReference; fileEncoding = 4; lastKnownFileType = sourcecode.c.h; path = YKUISwipeView.h; sourceTree = "<group>"; };
		00149F2C1521040800321DF4 /* YKUISwipeView.m */ = {isa = PBXFileReference; fileEncoding = 4; lastKnownFileType = sourcecode.c.objc; path = YKUISwipeView.m; sourceTree = "<group>"; };
		001E523E161A29AA00D5C211 /* YelpKit-Prefix.pch */ = {isa = PBXFileReference; fileEncoding = 4; lastKnownFileType = sourcecode.c.h; path = "YelpKit-Prefix.pch"; sourceTree = SOURCE_ROOT; };
		002629AD151BABB800F840DB /* YKUIButtons.h */ = {isa = PBXFileReference; fileEncoding = 4; lastKnownFileType = sourcecode.c.h; path = YKUIButtons.h; sourceTree = "<group>"; };
		002629AE151BABB800F840DB /* YKUIButtons.m */ = {isa = PBXFileReference; fileEncoding = 4; lastKnownFileType = sourcecode.c.objc; path = YKUIButtons.m; sourceTree = "<group>"; };
		0041270E15366FAB0090F268 /* YKLayout.h */ = {isa = PBXFileReference; fileEncoding = 4; lastKnownFileType = sourcecode.c.h; path = YKLayout.h; sourceTree = "<group>"; };
		0041270F15366FAB0090F268 /* YKLayout.m */ = {isa = PBXFileReference; fileEncoding = 4; lastKnownFileType = sourcecode.c.objc; path = YKLayout.m; sourceTree = "<group>"; };
		0041271015366FAB0090F268 /* YKUILayoutView.h */ = {isa = PBXFileReference; fileEncoding = 4; lastKnownFileType = sourcecode.c.h; path = YKUILayoutView.h; sourceTree = "<group>"; };
		0041271115366FAB0090F268 /* YKUILayoutView.m */ = {isa = PBXFileReference; fileEncoding = 4; lastKnownFileType = sourcecode.c.objc; path = YKUILayoutView.m; sourceTree = "<group>"; };
		0041271A15366FF30090F268 /* YKLText.h */ = {isa = PBXFileReference; fileEncoding = 4; lastKnownFileType = sourcecode.c.h; path = YKLText.h; sourceTree = "<group>"; };
		0041271B15366FF30090F268 /* YKLText.m */ = {isa = PBXFileReference; fileEncoding = 4; lastKnownFileType = sourcecode.c.objc; path = YKLText.m; sourceTree = "<group>"; };
		0041271E1536716D0090F268 /* YKLBaseView.h */ = {isa = PBXFileReference; fileEncoding = 4; lastKnownFileType = sourcecode.c.h; path = YKLBaseView.h; sourceTree = "<group>"; };
		0041271F1536716D0090F268 /* YKLBaseView.m */ = {isa = PBXFileReference; fileEncoding = 4; lastKnownFileType = sourcecode.c.objc; path = YKLBaseView.m; sourceTree = "<group>"; };
		00412722153673400090F268 /* YKLImage.h */ = {isa = PBXFileReference; fileEncoding = 4; lastKnownFileType = sourcecode.c.h; path = YKLImage.h; sourceTree = "<group>"; };
		00412723153673400090F268 /* YKLImage.m */ = {isa = PBXFileReference; fileEncoding = 4; lastKnownFileType = sourcecode.c.objc; path = YKLImage.m; sourceTree = "<group>"; };
		0046284E1593969C00C8E3C1 /* YKImageLoaderQueue.h */ = {isa = PBXFileReference; fileEncoding = 4; lastKnownFileType = sourcecode.c.h; path = YKImageLoaderQueue.h; sourceTree = "<group>"; };
		0046284F1593969C00C8E3C1 /* YKImageLoaderQueue.m */ = {isa = PBXFileReference; fileEncoding = 4; lastKnownFileType = sourcecode.c.objc; path = YKImageLoaderQueue.m; sourceTree = "<group>"; };
		005592E8140B0085001E9C43 /* libYelpKit.a */ = {isa = PBXFileReference; explicitFileType = archive.ar; includeInIndex = 0; path = libYelpKit.a; sourceTree = BUILT_PRODUCTS_DIR; };
		005592EB140B0085001E9C43 /* Foundation.framework */ = {isa = PBXFileReference; lastKnownFileType = wrapper.framework; name = Foundation.framework; path = System/Library/Frameworks/Foundation.framework; sourceTree = SDKROOT; };
		00559300140B00F6001E9C43 /* YKImageLoader.h */ = {isa = PBXFileReference; fileEncoding = 4; lastKnownFileType = sourcecode.c.h; path = YKImageLoader.h; sourceTree = "<group>"; };
		00559301140B00F6001E9C43 /* YKImageLoader.m */ = {isa = PBXFileReference; fileEncoding = 4; lastKnownFileType = sourcecode.c.objc; path = YKImageLoader.m; sourceTree = "<group>"; };
		00559306140B00F6001E9C43 /* YKCompressor.h */ = {isa = PBXFileReference; fileEncoding = 4; lastKnownFileType = sourcecode.c.h; path = YKCompressor.h; sourceTree = "<group>"; };
		00559307140B00F6001E9C43 /* YKResource.h */ = {isa = PBXFileReference; fileEncoding = 4; lastKnownFileType = sourcecode.c.h; path = YKResource.h; sourceTree = "<group>"; };
		00559308140B00F6001E9C43 /* YKResource.m */ = {isa = PBXFileReference; fileEncoding = 4; lastKnownFileType = sourcecode.c.objc; path = YKResource.m; sourceTree = "<group>"; };
		00559309140B00F6001E9C43 /* YKURL.h */ = {isa = PBXFileReference; fileEncoding = 4; lastKnownFileType = sourcecode.c.h; path = YKURL.h; sourceTree = "<group>"; };
		0055930A140B00F6001E9C43 /* YKURL.m */ = {isa = PBXFileReference; fileEncoding = 4; lastKnownFileType = sourcecode.c.objc; path = YKURL.m; sourceTree = "<group>"; };
		0055930B140B00F6001E9C43 /* YKURLCache.h */ = {isa = PBXFileReference; fileEncoding = 4; lastKnownFileType = sourcecode.c.h; path = YKURLCache.h; sourceTree = "<group>"; };
		0055930C140B00F6001E9C43 /* YKURLCache.m */ = {isa = PBXFileReference; fileEncoding = 4; lastKnownFileType = sourcecode.c.objc; path = YKURLCache.m; sourceTree = "<group>"; };
		0055930D140B00F6001E9C43 /* YKURLRequest.h */ = {isa = PBXFileReference; fileEncoding = 4; lastKnownFileType = sourcecode.c.h; path = YKURLRequest.h; sourceTree = "<group>"; };
		0055930E140B00F6001E9C43 /* YKURLRequest.m */ = {isa = PBXFileReference; fileEncoding = 4; lastKnownFileType = sourcecode.c.objc; path = YKURLRequest.m; sourceTree = "<group>"; };
		00559310140B00F6001E9C43 /* pull_to_refresh_icon.png */ = {isa = PBXFileReference; lastKnownFileType = image.png; path = pull_to_refresh_icon.png; sourceTree = "<group>"; };
		00559313140B00F6001E9C43 /* YKUIRefreshTableView.h */ = {isa = PBXFileReference; fileEncoding = 4; lastKnownFileType = sourcecode.c.h; path = YKUIRefreshTableView.h; sourceTree = "<group>"; };
		00559314140B00F6001E9C43 /* YKUIRefreshTableView.m */ = {isa = PBXFileReference; fileEncoding = 4; lastKnownFileType = sourcecode.c.objc; path = YKUIRefreshTableView.m; sourceTree = "<group>"; };
		00559316140B00F6001E9C43 /* YKUIImageView.h */ = {isa = PBXFileReference; fileEncoding = 4; lastKnownFileType = sourcecode.c.h; path = YKUIImageView.h; sourceTree = "<group>"; };
		00559317140B00F6001E9C43 /* YKUIImageView.m */ = {isa = PBXFileReference; fileEncoding = 4; lastKnownFileType = sourcecode.c.objc; path = YKUIImageView.m; sourceTree = "<group>"; };
		00559324140B00F6001E9C43 /* YKDefines.h */ = {isa = PBXFileReference; fileEncoding = 4; lastKnownFileType = sourcecode.c.h; path = YKDefines.h; sourceTree = "<group>"; };
		00559325140B00F6001E9C43 /* YKError.h */ = {isa = PBXFileReference; fileEncoding = 4; lastKnownFileType = sourcecode.c.h; path = YKError.h; sourceTree = "<group>"; };
		00559326140B00F6001E9C43 /* YKError.m */ = {isa = PBXFileReference; fileEncoding = 4; lastKnownFileType = sourcecode.c.objc; path = YKError.m; sourceTree = "<group>"; };
		00559327140B00F6001E9C43 /* YKLocalized.h */ = {isa = PBXFileReference; fileEncoding = 4; lastKnownFileType = sourcecode.c.h; path = YKLocalized.h; sourceTree = "<group>"; };
		00559328140B00F6001E9C43 /* YKLocalized.m */ = {isa = PBXFileReference; fileEncoding = 4; lastKnownFileType = sourcecode.c.objc; path = YKLocalized.m; sourceTree = "<group>"; };
		00576530158C3A27008A1AF2 /* YKUIActivityCell.h */ = {isa = PBXFileReference; fileEncoding = 4; lastKnownFileType = sourcecode.c.h; path = YKUIActivityCell.h; sourceTree = "<group>"; };
		00576531158C3A28008A1AF2 /* YKUIActivityCell.m */ = {isa = PBXFileReference; fileEncoding = 4; lastKnownFileType = sourcecode.c.objc; path = YKUIActivityCell.m; sourceTree = "<group>"; };
		005F5C76155B206E001D8517 /* YKUtils.h */ = {isa = PBXFileReference; fileEncoding = 4; lastKnownFileType = sourcecode.c.h; path = YKUtils.h; sourceTree = "<group>"; };
		005F5C77155B206E001D8517 /* YKUtils.m */ = {isa = PBXFileReference; fileEncoding = 4; lastKnownFileType = sourcecode.c.objc; path = YKUtils.m; sourceTree = "<group>"; };
		006371E8156D8E9400DEC4B5 /* GHKit.xcodeproj */ = {isa = PBXFileReference; lastKnownFileType = "wrapper.pb-project"; name = GHKit.xcodeproj; path = GHKit/GHKit.xcodeproj; sourceTree = "<group>"; };
		006E7DAB151FF2DE005FD9D3 /* YKUIBorder.h */ = {isa = PBXFileReference; fileEncoding = 4; lastKnownFileType = sourcecode.c.h; path = YKUIBorder.h; sourceTree = "<group>"; };
		006E7DAC151FF2DE005FD9D3 /* YKUIBorder.m */ = {isa = PBXFileReference; fileEncoding = 4; lastKnownFileType = sourcecode.c.objc; path = YKUIBorder.m; sourceTree = "<group>"; };
		0072E457151E74D2006EAC84 /* YKUIListView.h */ = {isa = PBXFileReference; fileEncoding = 4; lastKnownFileType = sourcecode.c.h; path = YKUIListView.h; sourceTree = "<group>"; };
		0072E458151E74D2006EAC84 /* YKUIListView.m */ = {isa = PBXFileReference; fileEncoding = 4; lastKnownFileType = sourcecode.c.objc; path = YKUIListView.m; sourceTree = "<group>"; };
		0085A684159AB5620032E7BB /* YKUISwitchButton.h */ = {isa = PBXFileReference; fileEncoding = 4; lastKnownFileType = sourcecode.c.h; path = YKUISwitchButton.h; sourceTree = "<group>"; };
		0085A685159AB5620032E7BB /* YKUISwitchButton.m */ = {isa = PBXFileReference; fileEncoding = 4; lastKnownFileType = sourcecode.c.objc; path = YKUISwitchButton.m; sourceTree = "<group>"; };
		00924A5015785341000546DA /* YKUIActionSheet.h */ = {isa = PBXFileReference; fileEncoding = 4; lastKnownFileType = sourcecode.c.h; path = YKUIActionSheet.h; sourceTree = "<group>"; };
		00924A5115785341000546DA /* YKUIActionSheet.m */ = {isa = PBXFileReference; fileEncoding = 4; lastKnownFileType = sourcecode.c.objc; path = YKUIActionSheet.m; sourceTree = "<group>"; };
		00924A5315785341000546DA /* YKTableIndexedView.h */ = {isa = PBXFileReference; fileEncoding = 4; lastKnownFileType = sourcecode.c.h; path = YKTableIndexedView.h; sourceTree = "<group>"; };
		00924A5415785341000546DA /* YKTableIndexedView.m */ = {isa = PBXFileReference; fileEncoding = 4; lastKnownFileType = sourcecode.c.objc; path = YKTableIndexedView.m; sourceTree = "<group>"; };
		00924A5515785341000546DA /* YKTableView.h */ = {isa = PBXFileReference; fileEncoding = 4; lastKnownFileType = sourcecode.c.h; path = YKTableView.h; sourceTree = "<group>"; };
		00924A5615785341000546DA /* YKTableView.m */ = {isa = PBXFileReference; fileEncoding = 4; lastKnownFileType = sourcecode.c.objc; path = YKTableView.m; sourceTree = "<group>"; };
		00924A5715785341000546DA /* YKTableViewCell.h */ = {isa = PBXFileReference; fileEncoding = 4; lastKnownFileType = sourcecode.c.h; path = YKTableViewCell.h; sourceTree = "<group>"; };
		00924A5815785341000546DA /* YKTableViewCell.m */ = {isa = PBXFileReference; fileEncoding = 4; lastKnownFileType = sourcecode.c.objc; path = YKTableViewCell.m; sourceTree = "<group>"; };
		00924A5915785341000546DA /* YKTableViewCellDataSource.h */ = {isa = PBXFileReference; fileEncoding = 4; lastKnownFileType = sourcecode.c.h; path = YKTableViewCellDataSource.h; sourceTree = "<group>"; };
		00924A5A15785341000546DA /* YKTableViewDataSource.h */ = {isa = PBXFileReference; fileEncoding = 4; lastKnownFileType = sourcecode.c.h; path = YKTableViewDataSource.h; sourceTree = "<group>"; };
		00924A5B15785341000546DA /* YKTableViewDatasource.m */ = {isa = PBXFileReference; fileEncoding = 4; lastKnownFileType = sourcecode.c.objc; path = YKTableViewDatasource.m; sourceTree = "<group>"; };
		00924A5C15785341000546DA /* YelpKit.h */ = {isa = PBXFileReference; fileEncoding = 4; lastKnownFileType = sourcecode.c.h; path = YelpKit.h; sourceTree = "<group>"; };
		00924A6915785374000546DA /* YKUIActivityLabel.h */ = {isa = PBXFileReference; fileEncoding = 4; lastKnownFileType = sourcecode.c.h; path = YKUIActivityLabel.h; sourceTree = "<group>"; };
		00924A6A15785374000546DA /* YKUIActivityLabel.m */ = {isa = PBXFileReference; fileEncoding = 4; lastKnownFileType = sourcecode.c.objc; path = YKUIActivityLabel.m; sourceTree = "<group>"; };
		00924A7A157853ED000546DA /* YKUIRefreshHeaderView.h */ = {isa = PBXFileReference; fileEncoding = 4; lastKnownFileType = sourcecode.c.h; path = YKUIRefreshHeaderView.h; sourceTree = "<group>"; };
		00924A7B157853ED000546DA /* YKUIRefreshHeaderView.m */ = {isa = PBXFileReference; fileEncoding = 4; lastKnownFileType = sourcecode.c.objc; path = YKUIRefreshHeaderView.m; sourceTree = "<group>"; };
		00924A7C157853ED000546DA /* YKUIRefreshScrollView.h */ = {isa = PBXFileReference; fileEncoding = 4; lastKnownFileType = sourcecode.c.h; path = YKUIRefreshScrollView.h; sourceTree = "<group>"; };
		00924A7D157853ED000546DA /* YKUIRefreshScrollView.m */ = {isa = PBXFileReference; fileEncoding = 4; lastKnownFileType = sourcecode.c.objc; path = YKUIRefreshScrollView.m; sourceTree = "<group>"; };
		00924AAB15785715000546DA /* YKJSONRequest.h */ = {isa = PBXFileReference; fileEncoding = 4; lastKnownFileType = sourcecode.c.h; path = YKJSONRequest.h; sourceTree = "<group>"; };
		00924AAC15785715000546DA /* YKJSONRequest.m */ = {isa = PBXFileReference; fileEncoding = 4; lastKnownFileType = sourcecode.c.objc; path = YKJSONRequest.m; sourceTree = "<group>"; };
		00924AB01578574A000546DA /* YKUIAlertView.h */ = {isa = PBXFileReference; fileEncoding = 4; lastKnownFileType = sourcecode.c.h; path = YKUIAlertView.h; sourceTree = "<group>"; };
		00924AB11578574A000546DA /* YKUIAlertView.m */ = {isa = PBXFileReference; fileEncoding = 4; lastKnownFileType = sourcecode.c.objc; path = YKUIAlertView.m; sourceTree = "<group>"; };
		009E44A31551FF5400CACDEE /* YKLUIView.h */ = {isa = PBXFileReference; fileEncoding = 4; lastKnownFileType = sourcecode.c.h; path = YKLUIView.h; sourceTree = "<group>"; };
		009E44A41551FF5400CACDEE /* YKLUIView.m */ = {isa = PBXFileReference; fileEncoding = 4; lastKnownFileType = sourcecode.c.objc; path = YKLUIView.m; sourceTree = "<group>"; };
		00A4D92E15CB24CC0035E64B /* YKCatalogButtons.h */ = {isa = PBXFileReference; fileEncoding = 4; lastKnownFileType = sourcecode.c.h; path = YKCatalogButtons.h; sourceTree = "<group>"; };
		00A4D92F15CB24CC0035E64B /* YKCatalogButtons.m */ = {isa = PBXFileReference; fileEncoding = 4; lastKnownFileType = sourcecode.c.objc; path = YKCatalogButtons.m; sourceTree = "<group>"; };
		00A4D93215CB27BE0035E64B /* button_accessory_image.png */ = {isa = PBXFileReference; lastKnownFileType = image.png; path = button_accessory_image.png; sourceTree = "<group>"; };
		00A4D93315CB27BE0035E64B /* button_accessory_image@2x.png */ = {isa = PBXFileReference; lastKnownFileType = image.png; path = "button_accessory_image@2x.png"; sourceTree = "<group>"; };
		00A4D93415CB27BE0035E64B /* button_accessory_image_selected.png */ = {isa = PBXFileReference; lastKnownFileType = image.png; path = button_accessory_image_selected.png; sourceTree = "<group>"; };
		00A4D93515CB27BE0035E64B /* button_accessory_image_selected@2x.png */ = {isa = PBXFileReference; lastKnownFileType = image.png; path = "button_accessory_image_selected@2x.png"; sourceTree = "<group>"; };
		00A4D93615CB27BE0035E64B /* button_icon.png */ = {isa = PBXFileReference; lastKnownFileType = image.png; path = button_icon.png; sourceTree = "<group>"; };
		00A4D93715CB27BE0035E64B /* button_icon@2x.png */ = {isa = PBXFileReference; lastKnownFileType = image.png; path = "button_icon@2x.png"; sourceTree = "<group>"; };
		00B1B13815CB11F60021140B /* YKCatalogViewStack.h */ = {isa = PBXFileReference; fileEncoding = 4; lastKnownFileType = sourcecode.c.h; path = YKCatalogViewStack.h; sourceTree = "<group>"; };
		00B1B13915CB11F60021140B /* YKCatalogViewStack.m */ = {isa = PBXFileReference; fileEncoding = 4; lastKnownFileType = sourcecode.c.objc; path = YKCatalogViewStack.m; sourceTree = "<group>"; };
		00B1B13B15CB13430021140B /* YKCatalogTestView.h */ = {isa = PBXFileReference; fileEncoding = 4; lastKnownFileType = sourcecode.c.h; path = YKCatalogTestView.h; sourceTree = "<group>"; };
		00B1B13C15CB13430021140B /* YKCatalogTestView.m */ = {isa = PBXFileReference; fileEncoding = 4; lastKnownFileType = sourcecode.c.objc; path = YKCatalogTestView.m; sourceTree = "<group>"; };
		00BE005514A148A8006B733B /* YKCLSortDescriptor.h */ = {isa = PBXFileReference; fileEncoding = 4; lastKnownFileType = sourcecode.c.h; path = YKCLSortDescriptor.h; sourceTree = "<group>"; };
		00BE005614A148A8006B733B /* YKCLSortDescriptor.m */ = {isa = PBXFileReference; fileEncoding = 4; lastKnownFileType = sourcecode.c.objc; path = YKCLSortDescriptor.m; sourceTree = "<group>"; };
		00BE005714A148A8006B733B /* YKCLUtils.h */ = {isa = PBXFileReference; fileEncoding = 4; lastKnownFileType = sourcecode.c.h; path = YKCLUtils.h; sourceTree = "<group>"; };
		00BE005814A148A8006B733B /* YKCLUtils.m */ = {isa = PBXFileReference; fileEncoding = 4; lastKnownFileType = sourcecode.c.objc; path = YKCLUtils.m; sourceTree = "<group>"; };
		00BE005914A148A8006B733B /* YKMKAnnotation.h */ = {isa = PBXFileReference; fileEncoding = 4; lastKnownFileType = sourcecode.c.h; path = YKMKAnnotation.h; sourceTree = "<group>"; };
		00BE005A14A148A8006B733B /* YKMKAnnotation.m */ = {isa = PBXFileReference; fileEncoding = 4; lastKnownFileType = sourcecode.c.objc; path = YKMKAnnotation.m; sourceTree = "<group>"; };
		00BE005B14A148A8006B733B /* YKMKUtils.h */ = {isa = PBXFileReference; fileEncoding = 4; lastKnownFileType = sourcecode.c.h; path = YKMKUtils.h; sourceTree = "<group>"; };
		00BE005C14A148A8006B733B /* YKMKUtils.m */ = {isa = PBXFileReference; fileEncoding = 4; lastKnownFileType = sourcecode.c.objc; path = YKMKUtils.m; sourceTree = "<group>"; };
		00C9CC5615A6C4360045CBE7 /* YKSUIInternalView.h */ = {isa = PBXFileReference; fileEncoding = 4; lastKnownFileType = sourcecode.c.h; path = YKSUIInternalView.h; sourceTree = "<group>"; };
		00C9CC5715A6C4360045CBE7 /* YKSUIInternalView.m */ = {isa = PBXFileReference; fileEncoding = 4; lastKnownFileType = sourcecode.c.objc; path = YKSUIInternalView.m; sourceTree = "<group>"; };
		00C9CC5815A6C4360045CBE7 /* YKUIViewStack.h */ = {isa = PBXFileReference; fileEncoding = 4; lastKnownFileType = sourcecode.c.h; path = YKUIViewStack.h; sourceTree = "<group>"; };
		00C9CC5915A6C4360045CBE7 /* YKUIViewStack.m */ = {isa = PBXFileReference; fileEncoding = 4; lastKnownFileType = sourcecode.c.objc; path = YKUIViewStack.m; sourceTree = "<group>"; };
		00C9CC5A15A6C4360045CBE7 /* YKSUIView.h */ = {isa = PBXFileReference; fileEncoding = 4; lastKnownFileType = sourcecode.c.h; path = YKSUIView.h; sourceTree = "<group>"; };
		00C9CC5B15A6C4360045CBE7 /* YKSUIView.m */ = {isa = PBXFileReference; fileEncoding = 4; lastKnownFileType = sourcecode.c.objc; path = YKSUIView.m; sourceTree = "<group>"; };
		00D575661457C35C00DE6487 /* YKCGUtils.h */ = {isa = PBXFileReference; fileEncoding = 4; lastKnownFileType = sourcecode.c.h; path = YKCGUtils.h; sourceTree = "<group>"; };
		00D575671457C35C00DE6487 /* YKCGUtils.m */ = {isa = PBXFileReference; fileEncoding = 4; lastKnownFileType = sourcecode.c.objc; path = YKCGUtils.m; sourceTree = "<group>"; };
		00D5756A1457C38900DE6487 /* YKUIButton.h */ = {isa = PBXFileReference; fileEncoding = 4; lastKnownFileType = sourcecode.c.h; path = YKUIButton.h; sourceTree = "<group>"; };
		00D5756B1457C38900DE6487 /* YKUIButton.m */ = {isa = PBXFileReference; fileEncoding = 4; lastKnownFileType = sourcecode.c.objc; path = YKUIButton.m; sourceTree = "<group>"; };
		00D5756E1457C3CF00DE6487 /* YKUIControl.h */ = {isa = PBXFileReference; fileEncoding = 4; lastKnownFileType = sourcecode.c.h; path = YKUIControl.h; sourceTree = "<group>"; };
		00D5756F1457C3CF00DE6487 /* YKUIControl.m */ = {isa = PBXFileReference; fileEncoding = 4; lastKnownFileType = sourcecode.c.objc; path = YKUIControl.m; sourceTree = "<group>"; };
		00D575721457C47900DE6487 /* YKUIButtonStyles.h */ = {isa = PBXFileReference; fileEncoding = 4; lastKnownFileType = sourcecode.c.h; path = YKUIButtonStyles.h; sourceTree = "<group>"; };
		00D575731457C47900DE6487 /* YKUIButtonStyles.m */ = {isa = PBXFileReference; fileEncoding = 4; lastKnownFileType = sourcecode.c.objc; path = YKUIButtonStyles.m; sourceTree = "<group>"; };
		00D575761457C62A00DE6487 /* CoreGraphics.framework */ = {isa = PBXFileReference; lastKnownFileType = wrapper.framework; name = CoreGraphics.framework; path = System/Library/Frameworks/CoreGraphics.framework; sourceTree = SDKROOT; };
		00D575781457C63400DE6487 /* CoreFoundation.framework */ = {isa = PBXFileReference; lastKnownFileType = wrapper.framework; name = CoreFoundation.framework; path = System/Library/Frameworks/CoreFoundation.framework; sourceTree = SDKROOT; };
		00D5757A1457C65200DE6487 /* QuartzCore.framework */ = {isa = PBXFileReference; lastKnownFileType = wrapper.framework; name = QuartzCore.framework; path = System/Library/Frameworks/QuartzCore.framework; sourceTree = SDKROOT; };
		00D5FD211527E89000F72FEB /* YKUINavigationBar.h */ = {isa = PBXFileReference; fileEncoding = 4; lastKnownFileType = sourcecode.c.h; path = YKUINavigationBar.h; sourceTree = "<group>"; };
		00D5FD221527E89000F72FEB /* YKUINavigationBar.m */ = {isa = PBXFileReference; fileEncoding = 4; lastKnownFileType = sourcecode.c.objc; path = YKUINavigationBar.m; sourceTree = "<group>"; };
		00DB563915BE198600E247FA /* YelpKitCatalog.app */ = {isa = PBXFileReference; explicitFileType = wrapper.application; includeInIndex = 0; path = YelpKitCatalog.app; sourceTree = BUILT_PRODUCTS_DIR; };
		00DB563B15BE198600E247FA /* UIKit.framework */ = {isa = PBXFileReference; lastKnownFileType = wrapper.framework; name = UIKit.framework; path = System/Library/Frameworks/UIKit.framework; sourceTree = SDKROOT; };
		00DB564115BE198600E247FA /* YelpKitCatalog-Info.plist */ = {isa = PBXFileReference; lastKnownFileType = text.plist.xml; path = "YelpKitCatalog-Info.plist"; sourceTree = "<group>"; };
		00DB564315BE198600E247FA /* en */ = {isa = PBXFileReference; lastKnownFileType = text.plist.strings; name = en; path = en.lproj/InfoPlist.strings; sourceTree = "<group>"; };
		00DB564515BE198600E247FA /* main.m */ = {isa = PBXFileReference; lastKnownFileType = sourcecode.c.objc; path = main.m; sourceTree = "<group>"; };
		00DB564715BE198600E247FA /* YelpKitCatalog-Prefix.pch */ = {isa = PBXFileReference; lastKnownFileType = sourcecode.c.h; path = "YelpKitCatalog-Prefix.pch"; sourceTree = "<group>"; };
		00DB564815BE198600E247FA /* YKCatalogAppDelegate.h */ = {isa = PBXFileReference; lastKnownFileType = sourcecode.c.h; path = YKCatalogAppDelegate.h; sourceTree = "<group>"; };
		00DB564915BE198600E247FA /* YKCatalogAppDelegate.m */ = {isa = PBXFileReference; lastKnownFileType = sourcecode.c.objc; path = YKCatalogAppDelegate.m; sourceTree = "<group>"; };
		00DB568815BE1D1500E247FA /* YKUIButtonCell.h */ = {isa = PBXFileReference; fileEncoding = 4; lastKnownFileType = sourcecode.c.h; path = YKUIButtonCell.h; sourceTree = "<group>"; };
		00DB568915BE1D1500E247FA /* YKUIButtonCell.m */ = {isa = PBXFileReference; fileEncoding = 4; lastKnownFileType = sourcecode.c.objc; path = YKUIButtonCell.m; sourceTree = "<group>"; };
		00DB569015BE54CB00E247FA /* MapKit.framework */ = {isa = PBXFileReference; lastKnownFileType = wrapper.framework; name = MapKit.framework; path = System/Library/Frameworks/MapKit.framework; sourceTree = SDKROOT; };
		00E928AC1524D93600E90AF1 /* YKUIImageControl.h */ = {isa = PBXFileReference; fileEncoding = 4; lastKnownFileType = sourcecode.c.h; path = YKUIImageControl.h; sourceTree = "<group>"; };
		00E928AD1524D93600E90AF1 /* YKUIImageControl.m */ = {isa = PBXFileReference; fileEncoding = 4; lastKnownFileType = sourcecode.c.objc; path = YKUIImageControl.m; sourceTree = "<group>"; };
		00E928B11524DED800E90AF1 /* YKUIImageActivityView.h */ = {isa = PBXFileReference; fileEncoding = 4; lastKnownFileType = sourcecode.c.h; name = YKUIImageActivityView.h; path = Classes/UIImageView/YKUIImageActivityView.h; sourceTree = SOURCE_ROOT; };
		00E928B21524DED800E90AF1 /* YKUIImageActivityView.m */ = {isa = PBXFileReference; fileEncoding = 4; lastKnownFileType = sourcecode.c.objc; name = YKUIImageActivityView.m; path = Classes/UIImageView/YKUIImageActivityView.m; sourceTree = SOURCE_ROOT; };
		00E928B51524DEEC00E90AF1 /* YKUIActivityView.h */ = {isa = PBXFileReference; fileEncoding = 4; lastKnownFileType = sourcecode.c.h; name = YKUIActivityView.h; path = Classes/UIView/YKUIActivityView.h; sourceTree = SOURCE_ROOT; };
		00E928B61524DEEC00E90AF1 /* YKUIActivityView.m */ = {isa = PBXFileReference; fileEncoding = 4; lastKnownFileType = sourcecode.c.objc; name = YKUIActivityView.m; path = Classes/UIView/YKUIActivityView.m; sourceTree = SOURCE_ROOT; };
		00F882E41527C92A000FF1AB /* YKUIActionSheet.h */ = {isa = PBXFileReference; fileEncoding = 4; lastKnownFileType = sourcecode.c.h; path = YKUIActionSheet.h; sourceTree = "<group>"; };
		00F882E51527C92A000FF1AB /* YKUIActionSheet.m */ = {isa = PBXFileReference; fileEncoding = 4; lastKnownFileType = sourcecode.c.objc; path = YKUIActionSheet.m; sourceTree = "<group>"; };
		420E62B5153F44FF00F114DC /* NSDictionary+YKValidation.h */ = {isa = PBXFileReference; fileEncoding = 4; lastKnownFileType = sourcecode.c.h; path = "NSDictionary+YKValidation.h"; sourceTree = "<group>"; };
		420E62B6153F44FF00F114DC /* NSDictionary+YKValidation.m */ = {isa = PBXFileReference; fileEncoding = 4; lastKnownFileType = sourcecode.c.objc; path = "NSDictionary+YKValidation.m"; sourceTree = "<group>"; };
		4227623C150FFDC1002E177D /* UIColor+YKUtils.h */ = {isa = PBXFileReference; fileEncoding = 4; lastKnownFileType = sourcecode.c.h; path = "UIColor+YKUtils.h"; sourceTree = "<group>"; };
		4227623D150FFDC1002E177D /* UIColor+YKUtils.m */ = {isa = PBXFileReference; fileEncoding = 4; lastKnownFileType = sourcecode.c.objc; path = "UIColor+YKUtils.m"; sourceTree = "<group>"; };
		423C14B515C9EB3F0080E08D /* UILabel+YKUtils.h */ = {isa = PBXFileReference; fileEncoding = 4; lastKnownFileType = sourcecode.c.h; path = "UILabel+YKUtils.h"; sourceTree = "<group>"; };
		423C14B615C9EB3F0080E08D /* UILabel+YKUtils.m */ = {isa = PBXFileReference; fileEncoding = 4; lastKnownFileType = sourcecode.c.objc; path = "UILabel+YKUtils.m"; sourceTree = "<group>"; };
		428B755D155B4A1B0010864A /* UIImage+YKUtils.h */ = {isa = PBXFileReference; fileEncoding = 4; lastKnownFileType = sourcecode.c.h; path = "UIImage+YKUtils.h"; sourceTree = "<group>"; };
		428B755E155B4A1B0010864A /* UIImage+YKUtils.m */ = {isa = PBXFileReference; fileEncoding = 4; lastKnownFileType = sourcecode.c.objc; path = "UIImage+YKUtils.m"; sourceTree = "<group>"; };
		42DF281D1540F53300EA955F /* NSArray+YKValidation.h */ = {isa = PBXFileReference; fileEncoding = 4; lastKnownFileType = sourcecode.c.h; path = "NSArray+YKValidation.h"; sourceTree = "<group>"; };
		42DF281E1540F53300EA955F /* NSArray+YKValidation.m */ = {isa = PBXFileReference; fileEncoding = 4; lastKnownFileType = sourcecode.c.objc; path = "NSArray+YKValidation.m"; sourceTree = "<group>"; };
		42DF28211540F6B200EA955F /* YKValidationException.h */ = {isa = PBXFileReference; fileEncoding = 4; lastKnownFileType = sourcecode.c.h; path = YKValidationException.h; sourceTree = "<group>"; };
		42DF28221540F6B200EA955F /* YKValidationException.m */ = {isa = PBXFileReference; fileEncoding = 4; lastKnownFileType = sourcecode.c.objc; path = YKValidationException.m; sourceTree = "<group>"; };
		6E6DC672156450F400D95455 /* YKImageMemoryCache.h */ = {isa = PBXFileReference; fileEncoding = 4; lastKnownFileType = sourcecode.c.h; path = YKImageMemoryCache.h; sourceTree = "<group>"; };
		6E6DC673156450F400D95455 /* YKImageMemoryCache.m */ = {isa = PBXFileReference; fileEncoding = 4; lastKnownFileType = sourcecode.c.objc; path = YKImageMemoryCache.m; sourceTree = "<group>"; };
		9665AD06165C71BD008181A4 /* Default-568h@2x.png */ = {isa = PBXFileReference; lastKnownFileType = image.png; path = "Default-568h@2x.png"; sourceTree = "<group>"; };
/* End PBXFileReference section */

/* Begin PBXFrameworksBuildPhase section */
		005592E5140B0085001E9C43 /* Frameworks */ = {
			isa = PBXFrameworksBuildPhase;
			buildActionMask = 2147483647;
			files = (
				001E5219161A27AB00D5C211 /* libGHKit.a in Frameworks */,
				00D5757B1457C65200DE6487 /* QuartzCore.framework in Frameworks */,
				005592EC140B0085001E9C43 /* Foundation.framework in Frameworks */,
			);
			runOnlyForDeploymentPostprocessing = 0;
		};
		00DB563615BE198600E247FA /* Frameworks */ = {
			isa = PBXFrameworksBuildPhase;
			buildActionMask = 2147483647;
			files = (
				00DB569115BE54CC00E247FA /* MapKit.framework in Frameworks */,
				00DB568F15BE215E00E247FA /* QuartzCore.framework in Frameworks */,
				00DB568E15BE214000E247FA /* libYelpKit.a in Frameworks */,
				00DB563C15BE198600E247FA /* UIKit.framework in Frameworks */,
				00DB563D15BE198600E247FA /* Foundation.framework in Frameworks */,
				00DB563E15BE198600E247FA /* CoreGraphics.framework in Frameworks */,
			);
			runOnlyForDeploymentPostprocessing = 0;
		};
/* End PBXFrameworksBuildPhase section */

/* Begin PBXGroup section */
		0041270D15366FAB0090F268 /* Layout */ = {
			isa = PBXGroup;
			children = (
				0041270E15366FAB0090F268 /* YKLayout.h */,
				0041270F15366FAB0090F268 /* YKLayout.m */,
				0041271015366FAB0090F268 /* YKUILayoutView.h */,
				0041271115366FAB0090F268 /* YKUILayoutView.m */,
				0041271E1536716D0090F268 /* YKLBaseView.h */,
				0041271F1536716D0090F268 /* YKLBaseView.m */,
				0041271A15366FF30090F268 /* YKLText.h */,
				0041271B15366FF30090F268 /* YKLText.m */,
				00412722153673400090F268 /* YKLImage.h */,
				00412723153673400090F268 /* YKLImage.m */,
				009E44A31551FF5400CACDEE /* YKLUIView.h */,
				009E44A41551FF5400CACDEE /* YKLUIView.m */,
			);
			path = Layout;
			sourceTree = "<group>";
		};
		005592DD140B0085001E9C43 = {
			isa = PBXGroup;
			children = (
				9665AD06165C71BD008181A4 /* Default-568h@2x.png */,
				005592FE140B00F6001E9C43 /* Classes */,
				0055934B140B0102001E9C43 /* Libraries */,
				00DB563F15BE198600E247FA /* YelpKitCatalog */,
				00DB564015BE198600E247FA /* Supporting Files */,
				005592EA140B0085001E9C43 /* Frameworks */,
				005592E9140B0085001E9C43 /* Products */,
			);
			sourceTree = "<group>";
		};
		005592E9140B0085001E9C43 /* Products */ = {
			isa = PBXGroup;
			children = (
				005592E8140B0085001E9C43 /* libYelpKit.a */,
				00DB563915BE198600E247FA /* YelpKitCatalog.app */,
			);
			name = Products;
			sourceTree = "<group>";
		};
		005592EA140B0085001E9C43 /* Frameworks */ = {
			isa = PBXGroup;
			children = (
				00DB569015BE54CB00E247FA /* MapKit.framework */,
				00D5757A1457C65200DE6487 /* QuartzCore.framework */,
				00D575781457C63400DE6487 /* CoreFoundation.framework */,
				00D575761457C62A00DE6487 /* CoreGraphics.framework */,
				005592EB140B0085001E9C43 /* Foundation.framework */,
				00DB563B15BE198600E247FA /* UIKit.framework */,
			);
			name = Frameworks;
			sourceTree = "<group>";
		};
		005592FE140B00F6001E9C43 /* Classes */ = {
			isa = PBXGroup;
			children = (
				00924AAF1578574A000546DA /* UIAlertView */,
				00924A4F15785341000546DA /* UIActionSheet */,
				00924A5215785341000546DA /* UITableView */,
				00AAA08915A6A5F200C87767 /* UIViewStack */,
				428B755B155B4A000010864A /* UIImage */,
				4227623A150FFDAE002E177D /* UIColor */,
				00BE005414A148A8006B733B /* Location */,
				00D575641457C35C00DE6487 /* Buttons */,
				00D575651457C35C00DE6487 /* UI */,
				005592FF140B00F6001E9C43 /* ImageLoader */,
				0041270D15366FAB0090F268 /* Layout */,
				00559305140B00F6001E9C43 /* Network */,
				0055930F140B00F6001E9C43 /* PullToRefresh */,
				00559315140B00F6001E9C43 /* UIImageView */,
				00559318140B00F6001E9C43 /* UIView */,
				00F882E31527C92A000FF1AB /* UIActionSheet */,
				423C14B415C9EB2C0080E08D /* UILabel */,
				00924A5C15785341000546DA /* YelpKit.h */,
				00559324140B00F6001E9C43 /* YKDefines.h */,
				00559325140B00F6001E9C43 /* YKError.h */,
				00559326140B00F6001E9C43 /* YKError.m */,
				00559327140B00F6001E9C43 /* YKLocalized.h */,
				00559328140B00F6001E9C43 /* YKLocalized.m */,
				005F5C76155B206E001D8517 /* YKUtils.h */,
				005F5C77155B206E001D8517 /* YKUtils.m */,
			);
			path = Classes;
			sourceTree = "<group>";
		};
		005592FF140B00F6001E9C43 /* ImageLoader */ = {
			isa = PBXGroup;
			children = (
				00559300140B00F6001E9C43 /* YKImageLoader.h */,
				00559301140B00F6001E9C43 /* YKImageLoader.m */,
				0046284E1593969C00C8E3C1 /* YKImageLoaderQueue.h */,
				0046284F1593969C00C8E3C1 /* YKImageLoaderQueue.m */,
			);
			path = ImageLoader;
			sourceTree = "<group>";
		};
		00559305140B00F6001E9C43 /* Network */ = {
			isa = PBXGroup;
			children = (
				00924AAB15785715000546DA /* YKJSONRequest.h */,
				00924AAC15785715000546DA /* YKJSONRequest.m */,
				00559306140B00F6001E9C43 /* YKCompressor.h */,
				00559307140B00F6001E9C43 /* YKResource.h */,
				00559308140B00F6001E9C43 /* YKResource.m */,
				00559309140B00F6001E9C43 /* YKURL.h */,
				0055930A140B00F6001E9C43 /* YKURL.m */,
				0055930B140B00F6001E9C43 /* YKURLCache.h */,
				0055930C140B00F6001E9C43 /* YKURLCache.m */,
				0055930D140B00F6001E9C43 /* YKURLRequest.h */,
				0055930E140B00F6001E9C43 /* YKURLRequest.m */,
				42DF28211540F6B200EA955F /* YKValidationException.h */,
				42DF28221540F6B200EA955F /* YKValidationException.m */,
				420E62B5153F44FF00F114DC /* NSDictionary+YKValidation.h */,
				420E62B6153F44FF00F114DC /* NSDictionary+YKValidation.m */,
				42DF281D1540F53300EA955F /* NSArray+YKValidation.h */,
				42DF281E1540F53300EA955F /* NSArray+YKValidation.m */,
				6E6DC672156450F400D95455 /* YKImageMemoryCache.h */,
				6E6DC673156450F400D95455 /* YKImageMemoryCache.m */,
			);
			path = Network;
			sourceTree = "<group>";
		};
		0055930F140B00F6001E9C43 /* PullToRefresh */ = {
			isa = PBXGroup;
			children = (
				00924A7A157853ED000546DA /* YKUIRefreshHeaderView.h */,
				00924A7B157853ED000546DA /* YKUIRefreshHeaderView.m */,
				00924A7C157853ED000546DA /* YKUIRefreshScrollView.h */,
				00924A7D157853ED000546DA /* YKUIRefreshScrollView.m */,
				00559310140B00F6001E9C43 /* pull_to_refresh_icon.png */,
				00559313140B00F6001E9C43 /* YKUIRefreshTableView.h */,
				00559314140B00F6001E9C43 /* YKUIRefreshTableView.m */,
			);
			path = PullToRefresh;
			sourceTree = "<group>";
		};
		00559315140B00F6001E9C43 /* UIImageView */ = {
			isa = PBXGroup;
			children = (
				00E928B11524DED800E90AF1 /* YKUIImageActivityView.h */,
				00E928B21524DED800E90AF1 /* YKUIImageActivityView.m */,
				00559316140B00F6001E9C43 /* YKUIImageView.h */,
				00559317140B00F6001E9C43 /* YKUIImageView.m */,
				00E928AC1524D93600E90AF1 /* YKUIImageControl.h */,
				00E928AD1524D93600E90AF1 /* YKUIImageControl.m */,
			);
			path = UIImageView;
			sourceTree = "<group>";
		};
		00559318140B00F6001E9C43 /* UIView */ = {
			isa = PBXGroup;
			children = (
				00924A6915785374000546DA /* YKUIActivityLabel.h */,
				00924A6A15785374000546DA /* YKUIActivityLabel.m */,
				00E928B51524DEEC00E90AF1 /* YKUIActivityView.h */,
				00E928B61524DEEC00E90AF1 /* YKUIActivityView.m */,
				006E7DAB151FF2DE005FD9D3 /* YKUIBorder.h */,
				006E7DAC151FF2DE005FD9D3 /* YKUIBorder.m */,
				0072E457151E74D2006EAC84 /* YKUIListView.h */,
				0072E458151E74D2006EAC84 /* YKUIListView.m */,
				00149F2B1521040800321DF4 /* YKUISwipeView.h */,
				00149F2C1521040800321DF4 /* YKUISwipeView.m */,
				00D5FD211527E89000F72FEB /* YKUINavigationBar.h */,
				00D5FD221527E89000F72FEB /* YKUINavigationBar.m */,
				0007497315630CE90096B69F /* YKUIScrollView.h */,
				0007497415630CE90096B69F /* YKUIScrollView.m */,
			);
			path = UIView;
			sourceTree = "<group>";
		};
		0055934B140B0102001E9C43 /* Libraries */ = {
			isa = PBXGroup;
			children = (
				006371E8156D8E9400DEC4B5 /* GHKit.xcodeproj */,
			);
			path = Libraries;
			sourceTree = "<group>";
		};
		006371E9156D8E9400DEC4B5 /* Products */ = {
			isa = PBXGroup;
			children = (
				006371F5156D8E9400DEC4B5 /* libGHKit.a */,
				006371F7156D8E9400DEC4B5 /* GHKit.framework */,
				006371F9156D8E9400DEC4B5 /* GHKitTests.app */,
				006371FB156D8E9400DEC4B5 /* GHKitTestsFramework.app */,
			);
			name = Products;
			sourceTree = "<group>";
		};
		00924A4F15785341000546DA /* UIActionSheet */ = {
			isa = PBXGroup;
			children = (
				00924A5015785341000546DA /* YKUIActionSheet.h */,
				00924A5115785341000546DA /* YKUIActionSheet.m */,
			);
			path = UIActionSheet;
			sourceTree = "<group>";
		};
		00924A5215785341000546DA /* UITableView */ = {
			isa = PBXGroup;
			children = (
				00924A5315785341000546DA /* YKTableIndexedView.h */,
				00924A5415785341000546DA /* YKTableIndexedView.m */,
				00924A5515785341000546DA /* YKTableView.h */,
				00924A5615785341000546DA /* YKTableView.m */,
				00924A5715785341000546DA /* YKTableViewCell.h */,
				00924A5815785341000546DA /* YKTableViewCell.m */,
				00924A5915785341000546DA /* YKTableViewCellDataSource.h */,
				00924A5A15785341000546DA /* YKTableViewDataSource.h */,
				00924A5B15785341000546DA /* YKTableViewDatasource.m */,
				00576530158C3A27008A1AF2 /* YKUIActivityCell.h */,
				00576531158C3A28008A1AF2 /* YKUIActivityCell.m */,
				00DB568815BE1D1500E247FA /* YKUIButtonCell.h */,
				00DB568915BE1D1500E247FA /* YKUIButtonCell.m */,
			);
			path = UITableView;
			sourceTree = "<group>";
		};
		00924AAF1578574A000546DA /* UIAlertView */ = {
			isa = PBXGroup;
			children = (
				00924AB01578574A000546DA /* YKUIAlertView.h */,
				00924AB11578574A000546DA /* YKUIAlertView.m */,
			);
			path = UIAlertView;
			sourceTree = "<group>";
		};
		00A4D93115CB27BE0035E64B /* Resources */ = {
			isa = PBXGroup;
			children = (
				00A4D93215CB27BE0035E64B /* button_accessory_image.png */,
				00A4D93315CB27BE0035E64B /* button_accessory_image@2x.png */,
				00A4D93415CB27BE0035E64B /* button_accessory_image_selected.png */,
				00A4D93515CB27BE0035E64B /* button_accessory_image_selected@2x.png */,
				00A4D93615CB27BE0035E64B /* button_icon.png */,
				00A4D93715CB27BE0035E64B /* button_icon@2x.png */,
			);
			path = Resources;
			sourceTree = "<group>";
		};
		00AAA08915A6A5F200C87767 /* UIViewStack */ = {
			isa = PBXGroup;
			children = (
				00C9CC5815A6C4360045CBE7 /* YKUIViewStack.h */,
				00C9CC5915A6C4360045CBE7 /* YKUIViewStack.m */,
				00C9CC5A15A6C4360045CBE7 /* YKSUIView.h */,
				00C9CC5B15A6C4360045CBE7 /* YKSUIView.m */,
				00C9CC5615A6C4360045CBE7 /* YKSUIInternalView.h */,
				00C9CC5715A6C4360045CBE7 /* YKSUIInternalView.m */,
			);
			name = UIViewStack;
			path = Classes/UIViewStack;
			sourceTree = SOURCE_ROOT;
		};
		00BE005414A148A8006B733B /* Location */ = {
			isa = PBXGroup;
			children = (
				00BE005514A148A8006B733B /* YKCLSortDescriptor.h */,
				00BE005614A148A8006B733B /* YKCLSortDescriptor.m */,
				00BE005714A148A8006B733B /* YKCLUtils.h */,
				00BE005814A148A8006B733B /* YKCLUtils.m */,
				00BE005914A148A8006B733B /* YKMKAnnotation.h */,
				00BE005A14A148A8006B733B /* YKMKAnnotation.m */,
				00BE005B14A148A8006B733B /* YKMKUtils.h */,
				00BE005C14A148A8006B733B /* YKMKUtils.m */,
			);
			path = Location;
			sourceTree = "<group>";
		};
		00D575641457C35C00DE6487 /* Buttons */ = {
			isa = PBXGroup;
			children = (
				00D5756A1457C38900DE6487 /* YKUIButton.h */,
				00D5756B1457C38900DE6487 /* YKUIButton.m */,
				00D5756E1457C3CF00DE6487 /* YKUIControl.h */,
				00D5756F1457C3CF00DE6487 /* YKUIControl.m */,
				00D575721457C47900DE6487 /* YKUIButtonStyles.h */,
				00D575731457C47900DE6487 /* YKUIButtonStyles.m */,
				0013505315003C1900B0976D /* YKUISwitch.h */,
				002629AD151BABB800F840DB /* YKUIButtons.h */,
				002629AE151BABB800F840DB /* YKUIButtons.m */,
				0085A684159AB5620032E7BB /* YKUISwitchButton.h */,
				0085A685159AB5620032E7BB /* YKUISwitchButton.m */,
			);
			path = Buttons;
			sourceTree = "<group>";
		};
		00D575651457C35C00DE6487 /* UI */ = {
			isa = PBXGroup;
			children = (
				00D575661457C35C00DE6487 /* YKCGUtils.h */,
				00D575671457C35C00DE6487 /* YKCGUtils.m */,
			);
			path = UI;
			sourceTree = "<group>";
		};
		00DB563F15BE198600E247FA /* YelpKitCatalog */ = {
			isa = PBXGroup;
			children = (
				00A4D93115CB27BE0035E64B /* Resources */,
				00DB564815BE198600E247FA /* YKCatalogAppDelegate.h */,
				00DB564915BE198600E247FA /* YKCatalogAppDelegate.m */,
				00B1B13815CB11F60021140B /* YKCatalogViewStack.h */,
				00B1B13915CB11F60021140B /* YKCatalogViewStack.m */,
				00B1B13B15CB13430021140B /* YKCatalogTestView.h */,
				00B1B13C15CB13430021140B /* YKCatalogTestView.m */,
				00A4D92E15CB24CC0035E64B /* YKCatalogButtons.h */,
				00A4D92F15CB24CC0035E64B /* YKCatalogButtons.m */,
			);
			path = YelpKitCatalog;
			sourceTree = "<group>";
		};
		00DB564015BE198600E247FA /* Supporting Files */ = {
			isa = PBXGroup;
			children = (
				001E523E161A29AA00D5C211 /* YelpKit-Prefix.pch */,
				00DB564115BE198600E247FA /* YelpKitCatalog-Info.plist */,
				00DB564215BE198600E247FA /* InfoPlist.strings */,
				00DB564515BE198600E247FA /* main.m */,
				00DB564715BE198600E247FA /* YelpKitCatalog-Prefix.pch */,
			);
			name = "Supporting Files";
			path = YelpKitCatalog;
			sourceTree = "<group>";
		};
		00F882E31527C92A000FF1AB /* UIActionSheet */ = {
			isa = PBXGroup;
			children = (
				00F882E41527C92A000FF1AB /* YKUIActionSheet.h */,
				00F882E51527C92A000FF1AB /* YKUIActionSheet.m */,
			);
			path = UIActionSheet;
			sourceTree = "<group>";
		};
		4227623A150FFDAE002E177D /* UIColor */ = {
			isa = PBXGroup;
			children = (
				4227623C150FFDC1002E177D /* UIColor+YKUtils.h */,
				4227623D150FFDC1002E177D /* UIColor+YKUtils.m */,
			);
			path = UIColor;
			sourceTree = "<group>";
		};
		423C14B415C9EB2C0080E08D /* UILabel */ = {
			isa = PBXGroup;
			children = (
				423C14B515C9EB3F0080E08D /* UILabel+YKUtils.h */,
				423C14B615C9EB3F0080E08D /* UILabel+YKUtils.m */,
			);
			path = UILabel;
			sourceTree = "<group>";
		};
		428B755B155B4A000010864A /* UIImage */ = {
			isa = PBXGroup;
			children = (
				428B755D155B4A1B0010864A /* UIImage+YKUtils.h */,
				428B755E155B4A1B0010864A /* UIImage+YKUtils.m */,
			);
			path = UIImage;
			sourceTree = "<group>";
		};
/* End PBXGroup section */

/* Begin PBXHeadersBuildPhase section */
		005592E6140B0085001E9C43 /* Headers */ = {
			isa = PBXHeadersBuildPhase;
			buildActionMask = 2147483647;
			files = (
				00559329140B00F6001E9C43 /* YKImageLoader.h in Headers */,
				0055932D140B00F6001E9C43 /* YKCompressor.h in Headers */,
				0055932E140B00F6001E9C43 /* YKResource.h in Headers */,
				00559330140B00F6001E9C43 /* YKURL.h in Headers */,
				00559332140B00F6001E9C43 /* YKURLCache.h in Headers */,
				00559334140B00F6001E9C43 /* YKURLRequest.h in Headers */,
				00559338140B00F6001E9C43 /* YKUIRefreshTableView.h in Headers */,
				0055933A140B00F6001E9C43 /* YKUIImageView.h in Headers */,
				00559346140B00F6001E9C43 /* YKDefines.h in Headers */,
				00559347140B00F6001E9C43 /* YKError.h in Headers */,
				00559349140B00F6001E9C43 /* YKLocalized.h in Headers */,
				00D575681457C35C00DE6487 /* YKCGUtils.h in Headers */,
				00D5756C1457C38900DE6487 /* YKUIButton.h in Headers */,
				00D575701457C3CF00DE6487 /* YKUIControl.h in Headers */,
				00D575741457C47A00DE6487 /* YKUIButtonStyles.h in Headers */,
				00BE005D14A148A8006B733B /* YKCLSortDescriptor.h in Headers */,
				00BE005F14A148A8006B733B /* YKCLUtils.h in Headers */,
				00BE006114A148A8006B733B /* YKMKAnnotation.h in Headers */,
				00BE006314A148A8006B733B /* YKMKUtils.h in Headers */,
				0013505515003C1900B0976D /* YKUISwitch.h in Headers */,
				4227623E150FFDC1002E177D /* UIColor+YKUtils.h in Headers */,
				002629AF151BABB800F840DB /* YKUIButtons.h in Headers */,
				0072E459151E74D2006EAC84 /* YKUIListView.h in Headers */,
				006E7DAD151FF2DE005FD9D3 /* YKUIBorder.h in Headers */,
				00149F2D1521040800321DF4 /* YKUISwipeView.h in Headers */,
				00E928AE1524D93600E90AF1 /* YKUIImageControl.h in Headers */,
				00E928B31524DED800E90AF1 /* YKUIImageActivityView.h in Headers */,
				00E928B71524DEEC00E90AF1 /* YKUIActivityView.h in Headers */,
				00F882E61527C92A000FF1AB /* YKUIActionSheet.h in Headers */,
				00D5FD231527E89000F72FEB /* YKUINavigationBar.h in Headers */,
				0041271215366FAB0090F268 /* YKLayout.h in Headers */,
				0041271415366FAB0090F268 /* YKUILayoutView.h in Headers */,
				0041271C15366FF30090F268 /* YKLText.h in Headers */,
				004127201536716D0090F268 /* YKLBaseView.h in Headers */,
				00412724153673410090F268 /* YKLImage.h in Headers */,
				420E62B7153F44FF00F114DC /* NSDictionary+YKValidation.h in Headers */,
				42DF281F1540F53300EA955F /* NSArray+YKValidation.h in Headers */,
				42DF28231540F6B200EA955F /* YKValidationException.h in Headers */,
				009E44A51551FF5400CACDEE /* YKLUIView.h in Headers */,
				428B755F155B4A1B0010864A /* UIImage+YKUtils.h in Headers */,
				005F5C78155B206E001D8517 /* YKUtils.h in Headers */,
				0007497515630CE90096B69F /* YKUIScrollView.h in Headers */,
				6E6DC674156450F400D95455 /* YKImageMemoryCache.h in Headers */,
				00924A5F15785342000546DA /* YKTableIndexedView.h in Headers */,
				00924A6115785342000546DA /* YKTableView.h in Headers */,
				00924A6315785342000546DA /* YKTableViewCell.h in Headers */,
				00924A6515785342000546DA /* YKTableViewCellDataSource.h in Headers */,
				00924A6615785342000546DA /* YKTableViewDataSource.h in Headers */,
				00924A6815785342000546DA /* YelpKit.h in Headers */,
				00924A6B15785374000546DA /* YKUIActivityLabel.h in Headers */,
				00924A7E157853ED000546DA /* YKUIRefreshHeaderView.h in Headers */,
				00924A80157853ED000546DA /* YKUIRefreshScrollView.h in Headers */,
				00924AAD15785715000546DA /* YKJSONRequest.h in Headers */,
				00924AB21578574A000546DA /* YKUIAlertView.h in Headers */,
				00576532158C3A28008A1AF2 /* YKUIActivityCell.h in Headers */,
				004628501593969C00C8E3C1 /* YKImageLoaderQueue.h in Headers */,
				0085A686159AB5620032E7BB /* YKUISwitchButton.h in Headers */,
				00C9CC5C15A6C4360045CBE7 /* YKSUIInternalView.h in Headers */,
				00C9CC5E15A6C4360045CBE7 /* YKUIViewStack.h in Headers */,
				423C14B715C9EB3F0080E08D /* UILabel+YKUtils.h in Headers */,
				00C9CC6015A6C4360045CBE7 /* YKSUIView.h in Headers */,
				00DB568A15BE1D1500E247FA /* YKUIButtonCell.h in Headers */,
				001E523F161A29AA00D5C211 /* YelpKit-Prefix.pch in Headers */,
			);
			runOnlyForDeploymentPostprocessing = 0;
		};
/* End PBXHeadersBuildPhase section */

/* Begin PBXNativeTarget section */
		005592E7140B0085001E9C43 /* YelpKit */ = {
			isa = PBXNativeTarget;
			buildConfigurationList = 005592F2140B0085001E9C43 /* Build configuration list for PBXNativeTarget "YelpKit" */;
			buildPhases = (
				005592E4140B0085001E9C43 /* Sources */,
				005592E5140B0085001E9C43 /* Frameworks */,
				005592E6140B0085001E9C43 /* Headers */,
			);
			buildRules = (
			);
			dependencies = (
				006371FD156D8ECC00DEC4B5 /* PBXTargetDependency */,
			);
			name = YelpKit;
			productName = YelpKit;
			productReference = 005592E8140B0085001E9C43 /* libYelpKit.a */;
			productType = "com.apple.product-type.library.static";
		};
		00DB563815BE198600E247FA /* YelpKitCatalog */ = {
			isa = PBXNativeTarget;
			buildConfigurationList = 00DB564B15BE198600E247FA /* Build configuration list for PBXNativeTarget "YelpKitCatalog" */;
			buildPhases = (
				00DB563515BE198600E247FA /* Sources */,
				00DB563615BE198600E247FA /* Frameworks */,
				00DB563715BE198600E247FA /* Resources */,
			);
			buildRules = (
			);
			dependencies = (
				00DB568D15BE213B00E247FA /* PBXTargetDependency */,
			);
			name = YelpKitCatalog;
			productName = YelpKitCatalog;
			productReference = 00DB563915BE198600E247FA /* YelpKitCatalog.app */;
			productType = "com.apple.product-type.application";
		};
/* End PBXNativeTarget section */

/* Begin PBXProject section */
		005592DF140B0085001E9C43 /* Project object */ = {
			isa = PBXProject;
			attributes = {
				CLASSPREFIX = YK;
				LastUpgradeCheck = 0450;
				ORGANIZATIONNAME = Yelp;
			};
			buildConfigurationList = 005592E2140B0085001E9C43 /* Build configuration list for PBXProject "YelpKit" */;
			compatibilityVersion = "Xcode 3.2";
			developmentRegion = English;
			hasScannedForEncodings = 0;
			knownRegions = (
				en,
			);
			mainGroup = 005592DD140B0085001E9C43;
			productRefGroup = 005592E9140B0085001E9C43 /* Products */;
			projectDirPath = "";
			projectReferences = (
				{
					ProductGroup = 006371E9156D8E9400DEC4B5 /* Products */;
					ProjectRef = 006371E8156D8E9400DEC4B5 /* GHKit.xcodeproj */;
				},
			);
			projectRoot = "";
			targets = (
				005592E7140B0085001E9C43 /* YelpKit */,
				00DB563815BE198600E247FA /* YelpKitCatalog */,
			);
		};
/* End PBXProject section */

/* Begin PBXReferenceProxy section */
		006371F5156D8E9400DEC4B5 /* libGHKit.a */ = {
			isa = PBXReferenceProxy;
			fileType = archive.ar;
			path = libGHKit.a;
			remoteRef = 006371F4156D8E9400DEC4B5 /* PBXContainerItemProxy */;
			sourceTree = BUILT_PRODUCTS_DIR;
		};
		006371F7156D8E9400DEC4B5 /* GHKit.framework */ = {
			isa = PBXReferenceProxy;
			fileType = wrapper.framework;
			path = GHKit.framework;
			remoteRef = 006371F6156D8E9400DEC4B5 /* PBXContainerItemProxy */;
			sourceTree = BUILT_PRODUCTS_DIR;
		};
		006371F9156D8E9400DEC4B5 /* GHKitTests.app */ = {
			isa = PBXReferenceProxy;
			fileType = wrapper.application;
			path = GHKitTests.app;
			remoteRef = 006371F8156D8E9400DEC4B5 /* PBXContainerItemProxy */;
			sourceTree = BUILT_PRODUCTS_DIR;
		};
		006371FB156D8E9400DEC4B5 /* GHKitTestsFramework.app */ = {
			isa = PBXReferenceProxy;
			fileType = wrapper.application;
			path = GHKitTestsFramework.app;
			remoteRef = 006371FA156D8E9400DEC4B5 /* PBXContainerItemProxy */;
			sourceTree = BUILT_PRODUCTS_DIR;
		};
/* End PBXReferenceProxy section */

/* Begin PBXResourcesBuildPhase section */
		00DB563715BE198600E247FA /* Resources */ = {
			isa = PBXResourcesBuildPhase;
			buildActionMask = 2147483647;
			files = (
				00DB564415BE198600E247FA /* InfoPlist.strings in Resources */,
				00A4D93815CB27BE0035E64B /* button_accessory_image.png in Resources */,
				00A4D93915CB27BE0035E64B /* button_accessory_image@2x.png in Resources */,
				00A4D93A15CB27BE0035E64B /* button_accessory_image_selected.png in Resources */,
				00A4D93B15CB27BE0035E64B /* button_accessory_image_selected@2x.png in Resources */,
				00A4D93C15CB27BE0035E64B /* button_icon.png in Resources */,
				00A4D93D15CB27BE0035E64B /* button_icon@2x.png in Resources */,
				9665AD07165C71BD008181A4 /* Default-568h@2x.png in Resources */,
			);
			runOnlyForDeploymentPostprocessing = 0;
		};
/* End PBXResourcesBuildPhase section */

/* Begin PBXSourcesBuildPhase section */
		005592E4140B0085001E9C43 /* Sources */ = {
			isa = PBXSourcesBuildPhase;
			buildActionMask = 2147483647;
			files = (
				0055932A140B00F6001E9C43 /* YKImageLoader.m in Sources */,
				0055932F140B00F6001E9C43 /* YKResource.m in Sources */,
				00559331140B00F6001E9C43 /* YKURL.m in Sources */,
				00559333140B00F6001E9C43 /* YKURLCache.m in Sources */,
				00559335140B00F6001E9C43 /* YKURLRequest.m in Sources */,
				00559339140B00F6001E9C43 /* YKUIRefreshTableView.m in Sources */,
				0055933B140B00F6001E9C43 /* YKUIImageView.m in Sources */,
				00559348140B00F6001E9C43 /* YKError.m in Sources */,
				0055934A140B00F6001E9C43 /* YKLocalized.m in Sources */,
				00D575691457C35C00DE6487 /* YKCGUtils.m in Sources */,
				00D5756D1457C38900DE6487 /* YKUIButton.m in Sources */,
				00D575711457C3CF00DE6487 /* YKUIControl.m in Sources */,
				00D575751457C47A00DE6487 /* YKUIButtonStyles.m in Sources */,
				00BE005E14A148A8006B733B /* YKCLSortDescriptor.m in Sources */,
				00BE006014A148A8006B733B /* YKCLUtils.m in Sources */,
				00BE006214A148A8006B733B /* YKMKAnnotation.m in Sources */,
				00BE006414A148A8006B733B /* YKMKUtils.m in Sources */,
				4227623F150FFDC1002E177D /* UIColor+YKUtils.m in Sources */,
				002629B0151BABB800F840DB /* YKUIButtons.m in Sources */,
				0072E45A151E74D2006EAC84 /* YKUIListView.m in Sources */,
				006E7DAE151FF2DE005FD9D3 /* YKUIBorder.m in Sources */,
				00149F2E1521040800321DF4 /* YKUISwipeView.m in Sources */,
				00E928AF1524D93600E90AF1 /* YKUIImageControl.m in Sources */,
				00E928B41524DED800E90AF1 /* YKUIImageActivityView.m in Sources */,
				00E928B81524DEEC00E90AF1 /* YKUIActivityView.m in Sources */,
				00F882E71527C92A000FF1AB /* YKUIActionSheet.m in Sources */,
				00D5FD241527E89000F72FEB /* YKUINavigationBar.m in Sources */,
				0041271315366FAB0090F268 /* YKLayout.m in Sources */,
				0041271515366FAB0090F268 /* YKUILayoutView.m in Sources */,
				0041271D15366FF30090F268 /* YKLText.m in Sources */,
				004127211536716D0090F268 /* YKLBaseView.m in Sources */,
				00412725153673410090F268 /* YKLImage.m in Sources */,
				420E62B8153F44FF00F114DC /* NSDictionary+YKValidation.m in Sources */,
				42DF28201540F53300EA955F /* NSArray+YKValidation.m in Sources */,
				42DF28241540F6B200EA955F /* YKValidationException.m in Sources */,
				009E44A61551FF5400CACDEE /* YKLUIView.m in Sources */,
				428B7560155B4A1B0010864A /* UIImage+YKUtils.m in Sources */,
				005F5C79155B206E001D8517 /* YKUtils.m in Sources */,
				0007497615630CE90096B69F /* YKUIScrollView.m in Sources */,
				6E6DC675156450F400D95455 /* YKImageMemoryCache.m in Sources */,
				00924A6015785342000546DA /* YKTableIndexedView.m in Sources */,
				00924A6215785342000546DA /* YKTableView.m in Sources */,
				00924A6415785342000546DA /* YKTableViewCell.m in Sources */,
				00924A6715785342000546DA /* YKTableViewDatasource.m in Sources */,
				00924A6C15785374000546DA /* YKUIActivityLabel.m in Sources */,
				00924A7F157853ED000546DA /* YKUIRefreshHeaderView.m in Sources */,
				00924A81157853ED000546DA /* YKUIRefreshScrollView.m in Sources */,
				00924AAE15785715000546DA /* YKJSONRequest.m in Sources */,
				00924AB31578574A000546DA /* YKUIAlertView.m in Sources */,
				00576533158C3A28008A1AF2 /* YKUIActivityCell.m in Sources */,
				004628511593969C00C8E3C1 /* YKImageLoaderQueue.m in Sources */,
				0085A687159AB5620032E7BB /* YKUISwitchButton.m in Sources */,
				00C9CC5D15A6C4360045CBE7 /* YKSUIInternalView.m in Sources */,
				00C9CC5F15A6C4360045CBE7 /* YKUIViewStack.m in Sources */,
				00C9CC6115A6C4360045CBE7 /* YKSUIView.m in Sources */,
				00DB568B15BE1D1500E247FA /* YKUIButtonCell.m in Sources */,
				423C14B815C9EB3F0080E08D /* UILabel+YKUtils.m in Sources */,
			);
			runOnlyForDeploymentPostprocessing = 0;
		};
		00DB563515BE198600E247FA /* Sources */ = {
			isa = PBXSourcesBuildPhase;
			buildActionMask = 2147483647;
			files = (
				00DB564615BE198600E247FA /* main.m in Sources */,
				00DB564A15BE198600E247FA /* YKCatalogAppDelegate.m in Sources */,
				423C14B915C9EB3F0080E08D /* UILabel+YKUtils.m in Sources */,
				00B1B13A15CB11F60021140B /* YKCatalogViewStack.m in Sources */,
				00B1B13D15CB13430021140B /* YKCatalogTestView.m in Sources */,
				00A4D93015CB24CC0035E64B /* YKCatalogButtons.m in Sources */,
			);
			runOnlyForDeploymentPostprocessing = 0;
		};
/* End PBXSourcesBuildPhase section */

/* Begin PBXTargetDependency section */
		006371FD156D8ECC00DEC4B5 /* PBXTargetDependency */ = {
			isa = PBXTargetDependency;
			name = GHKit;
			targetProxy = 006371FC156D8ECC00DEC4B5 /* PBXContainerItemProxy */;
		};
		00DB568D15BE213B00E247FA /* PBXTargetDependency */ = {
			isa = PBXTargetDependency;
			target = 005592E7140B0085001E9C43 /* YelpKit */;
			targetProxy = 00DB568C15BE213B00E247FA /* PBXContainerItemProxy */;
		};
/* End PBXTargetDependency section */

/* Begin PBXVariantGroup section */
		00DB564215BE198600E247FA /* InfoPlist.strings */ = {
			isa = PBXVariantGroup;
			children = (
				00DB564315BE198600E247FA /* en */,
			);
			name = InfoPlist.strings;
			sourceTree = "<group>";
		};
/* End PBXVariantGroup section */

/* Begin XCBuildConfiguration section */
		005592F0140B0085001E9C43 /* Debug */ = {
			isa = XCBuildConfiguration;
			buildSettings = {
				ARCHS = (
					"$(ARCHS_STANDARD_32_BIT)",
					armv6,
				);
				GCC_C_LANGUAGE_STANDARD = gnu99;
				GCC_OPTIMIZATION_LEVEL = 0;
				GCC_PREPROCESSOR_DEFINITIONS = DEBUG;
				GCC_SYMBOLS_PRIVATE_EXTERN = NO;
				GCC_THUMB_SUPPORT = NO;
				GCC_WARN_ABOUT_RETURN_TYPE = YES;
				GCC_WARN_UNUSED_VARIABLE = YES;
				IPHONEOS_DEPLOYMENT_TARGET = 4.3;
				SDKROOT = iphoneos;
				SKIP_INSTALL = YES;
			};
			name = Debug;
		};
		005592F1140B0085001E9C43 /* Release */ = {
			isa = XCBuildConfiguration;
			buildSettings = {
				ARCHS = (
					"$(ARCHS_STANDARD_32_BIT)",
					armv6,
				);
				GCC_C_LANGUAGE_STANDARD = gnu99;
				GCC_THUMB_SUPPORT = NO;
				GCC_WARN_ABOUT_RETURN_TYPE = YES;
				GCC_WARN_UNUSED_VARIABLE = YES;
				IPHONEOS_DEPLOYMENT_TARGET = 4.3;
				SDKROOT = iphoneos;
				SKIP_INSTALL = YES;
			};
			name = Release;
		};
		005592F3140B0085001E9C43 /* Debug */ = {
			isa = XCBuildConfiguration;
			buildSettings = {
				ARCHS = "$(ARCHS_STANDARD_32_BIT)";
				GCC_PRECOMPILE_PREFIX_HEADER = YES;
				GCC_PREFIX_HEADER = "YelpKit-Prefix.pch";
				GCC_THUMB_SUPPORT = NO;
				HEADER_SEARCH_PATHS = "\"$(BUILT_PRODUCTS_DIR)/../../Headers\"";
				OBJROOT = "$(SRCROOT)/Build";
				OTHER_LDFLAGS = (
					"-ObjC",
					"-all_load",
				);
				PRIVATE_HEADERS_FOLDER_PATH = "$(PUBLIC_HEADERS_FOLDER_PATH)/Private";
				PRODUCT_NAME = "$(TARGET_NAME)";
				PUBLIC_HEADERS_FOLDER_PATH = ../../Headers/YelpKit;
				SCAN_ALL_SOURCE_FILES_FOR_INCLUDES = YES;
				SYMROOT = "$(SRCROOT)/Build/Products";
			};
			name = Debug;
		};
		005592F4140B0085001E9C43 /* Release */ = {
			isa = XCBuildConfiguration;
			buildSettings = {
				ARCHS = "$(ARCHS_STANDARD_32_BIT)";
				"GCC_OPTIMIZATION_LEVEL[sdk=iphonesimulator*][arch=*]" = 0;
				GCC_PRECOMPILE_PREFIX_HEADER = YES;
				GCC_PREFIX_HEADER = "YelpKit-Prefix.pch";
				GCC_THUMB_SUPPORT = NO;
				HEADER_SEARCH_PATHS = "\"$(BUILT_PRODUCTS_DIR)/../../Headers\"";
				OBJROOT = "$(SRCROOT)/Build";
				OTHER_LDFLAGS = (
					"-ObjC",
					"-all_load",
				);
				PRIVATE_HEADERS_FOLDER_PATH = "$(PUBLIC_HEADERS_FOLDER_PATH)/Private";
				PRODUCT_NAME = "$(TARGET_NAME)";
				PUBLIC_HEADERS_FOLDER_PATH = ../../Headers/YelpKit;
				SCAN_ALL_SOURCE_FILES_FOR_INCLUDES = YES;
				SYMROOT = "$(SRCROOT)/Build/Products";
			};
			name = Release;
		};
		00DB564C15BE198600E247FA /* Debug */ = {
			isa = XCBuildConfiguration;
			buildSettings = {
				ALWAYS_SEARCH_USER_PATHS = NO;
				"CODE_SIGN_IDENTITY[sdk=iphoneos*]" = "iPhone Developer";
				COPY_PHASE_STRIP = NO;
				GCC_DYNAMIC_NO_PIC = NO;
				GCC_PRECOMPILE_PREFIX_HEADER = YES;
				GCC_PREFIX_HEADER = "YelpKitCatalog/YelpKitCatalog-Prefix.pch";
				GCC_PREPROCESSOR_DEFINITIONS = (
					"DEBUG=1",
					"$(inherited)",
				);
				GCC_THUMB_SUPPORT = NO;
				GCC_VERSION = com.apple.compilers.llvm.clang.1_0;
				GCC_WARN_UNINITIALIZED_AUTOS = YES;
				INFOPLIST_FILE = "YelpKitCatalog/YelpKitCatalog-Info.plist";
				IPHONEOS_DEPLOYMENT_TARGET = 5.1;
				OTHER_LDFLAGS = (
					"-all_load",
					"-ObjC",
				);
				PRODUCT_NAME = "$(TARGET_NAME)";
				TARGETED_DEVICE_FAMILY = "1,2";
				WRAPPER_EXTENSION = app;
			};
			name = Debug;
		};
		00DB564D15BE198600E247FA /* Release */ = {
			isa = XCBuildConfiguration;
			buildSettings = {
				ALWAYS_SEARCH_USER_PATHS = NO;
				"CODE_SIGN_IDENTITY[sdk=iphoneos*]" = "iPhone Developer";
				COPY_PHASE_STRIP = YES;
				GCC_PRECOMPILE_PREFIX_HEADER = YES;
				GCC_PREFIX_HEADER = "YelpKitCatalog/YelpKitCatalog-Prefix.pch";
				GCC_THUMB_SUPPORT = NO;
				GCC_VERSION = com.apple.compilers.llvm.clang.1_0;
				GCC_WARN_UNINITIALIZED_AUTOS = YES;
				INFOPLIST_FILE = "YelpKitCatalog/YelpKitCatalog-Info.plist";
				IPHONEOS_DEPLOYMENT_TARGET = 5.1;
				OTHER_CFLAGS = "-DNS_BLOCK_ASSERTIONS=1";
				OTHER_LDFLAGS = (
					"-all_load",
					"-ObjC",
				);
				PRODUCT_NAME = "$(TARGET_NAME)";
				TARGETED_DEVICE_FAMILY = "1,2";
				VALIDATE_PRODUCT = YES;
				WRAPPER_EXTENSION = app;
			};
			name = Release;
		};
/* End XCBuildConfiguration section */

/* Begin XCConfigurationList section */
		005592E2140B0085001E9C43 /* Build configuration list for PBXProject "YelpKit" */ = {
			isa = XCConfigurationList;
			buildConfigurations = (
				005592F0140B0085001E9C43 /* Debug */,
				005592F1140B0085001E9C43 /* Release */,
			);
			defaultConfigurationIsVisible = 0;
			defaultConfigurationName = Release;
		};
		005592F2140B0085001E9C43 /* Build configuration list for PBXNativeTarget "YelpKit" */ = {
			isa = XCConfigurationList;
			buildConfigurations = (
				005592F3140B0085001E9C43 /* Debug */,
				005592F4140B0085001E9C43 /* Release */,
			);
			defaultConfigurationIsVisible = 0;
			defaultConfigurationName = Release;
		};
		00DB564B15BE198600E247FA /* Build configuration list for PBXNativeTarget "YelpKitCatalog" */ = {
			isa = XCConfigurationList;
			buildConfigurations = (
				00DB564C15BE198600E247FA /* Debug */,
				00DB564D15BE198600E247FA /* Release */,
			);
			defaultConfigurationIsVisible = 0;
			defaultConfigurationName = Release;
		};
/* End XCConfigurationList section */
	};
	rootObject = 005592DF140B0085001E9C43 /* Project object */;
}
